// !$*UTF8*$!
{
	archiveVersion = 1;
	classes = {
	};
	objectVersion = 46;
	objects = {

/* Begin PBXBuildFile section */
		040D0B101D5CCC9A00A178B6 /* NSAttributedString+XTAttributionSize.m in Sources */ = {isa = PBXBuildFile; fileRef = 040D0AED1D5CCC9A00A178B6 /* NSAttributedString+XTAttributionSize.m */; };
		040D0B111D5CCC9A00A178B6 /* NSString+XTSize.m in Sources */ = {isa = PBXBuildFile; fileRef = 040D0AEF1D5CCC9A00A178B6 /* NSString+XTSize.m */; };
		040D0B121D5CCC9A00A178B6 /* UIButton+Layout.m in Sources */ = {isa = PBXBuildFile; fileRef = 040D0AF11D5CCC9A00A178B6 /* UIButton+Layout.m */; };
		040D0B131D5CCC9A00A178B6 /* UIColor+Tool.m in Sources */ = {isa = PBXBuildFile; fileRef = 040D0AF31D5CCC9A00A178B6 /* UIColor+Tool.m */; };
		040D0B141D5CCC9A00A178B6 /* UIImageView+Tool.m in Sources */ = {isa = PBXBuildFile; fileRef = 040D0AF51D5CCC9A00A178B6 /* UIImageView+Tool.m */; };
		040D0B151D5CCC9A00A178B6 /* UILabel+Tool.m in Sources */ = {isa = PBXBuildFile; fileRef = 040D0AF71D5CCC9A00A178B6 /* UILabel+Tool.m */; };
		040D0B161D5CCC9A00A178B6 /* UINavigationController+Push.m in Sources */ = {isa = PBXBuildFile; fileRef = 040D0AF91D5CCC9A00A178B6 /* UINavigationController+Push.m */; };
		040D0B171D5CCC9A00A178B6 /* UIViewExt.m in Sources */ = {isa = PBXBuildFile; fileRef = 040D0AFB1D5CCC9A00A178B6 /* UIViewExt.m */; };
		040D0B181D5CCC9A00A178B6 /* UIWindow+Category.m in Sources */ = {isa = PBXBuildFile; fileRef = 040D0AFD1D5CCC9A00A178B6 /* UIWindow+Category.m */; };
		040D0B191D5CCC9A00A178B6 /* DataViewController.m in Sources */ = {isa = PBXBuildFile; fileRef = 040D0B011D5CCC9A00A178B6 /* DataViewController.m */; };
		040D0B1A1D5CCC9A00A178B6 /* HcdGuideViewCell.m in Sources */ = {isa = PBXBuildFile; fileRef = 040D0B041D5CCC9A00A178B6 /* HcdGuideViewCell.m */; };
		040D0B1B1D5CCC9A00A178B6 /* HcdGuideViewManager.m in Sources */ = {isa = PBXBuildFile; fileRef = 040D0B061D5CCC9A00A178B6 /* HcdGuideViewManager.m */; };
		040D0B1C1D5CCC9A00A178B6 /* HomeViewController.m in Sources */ = {isa = PBXBuildFile; fileRef = 040D0B091D5CCC9A00A178B6 /* HomeViewController.m */; };
		040D0B1D1D5CCC9A00A178B6 /* MessageViewController.m in Sources */ = {isa = PBXBuildFile; fileRef = 040D0B0C1D5CCC9A00A178B6 /* MessageViewController.m */; };
		040D0B1E1D5CCC9A00A178B6 /* MineViewController.m in Sources */ = {isa = PBXBuildFile; fileRef = 040D0B0F1D5CCC9A00A178B6 /* MineViewController.m */; };
		040D0B4A1D5CCCAE00A178B6 /* BondRechargeViewController.m in Sources */ = {isa = PBXBuildFile; fileRef = 040D0B201D5CCCAE00A178B6 /* BondRechargeViewController.m */; };
		040D0B4B1D5CCCAE00A178B6 /* ContactMethodAlertView.m in Sources */ = {isa = PBXBuildFile; fileRef = 040D0B221D5CCCAE00A178B6 /* ContactMethodAlertView.m */; };
		040D0B4C1D5CCCAE00A178B6 /* HFTReceivablesView.m in Sources */ = {isa = PBXBuildFile; fileRef = 040D0B241D5CCCAE00A178B6 /* HFTReceivablesView.m */; };
		040D0B4D1D5CCCAE00A178B6 /* HFTSettlementView.m in Sources */ = {isa = PBXBuildFile; fileRef = 040D0B261D5CCCAE00A178B6 /* HFTSettlementView.m */; };
		040D0B4E1D5CCCAE00A178B6 /* HitTestView.m in Sources */ = {isa = PBXBuildFile; fileRef = 040D0B291D5CCCAE00A178B6 /* HitTestView.m */; };
		040D0B4F1D5CCCAE00A178B6 /* IMSendhouseTips.m in Sources */ = {isa = PBXBuildFile; fileRef = 040D0B2B1D5CCCAE00A178B6 /* IMSendhouseTips.m */; };
		040D0B511D5CCCAE00A178B6 /* JsonBaseModel.m in Sources */ = {isa = PBXBuildFile; fileRef = 040D0B2F1D5CCCAE00A178B6 /* JsonBaseModel.m */; };
		040D0B531D5CCCAE00A178B6 /* main.js in Resources */ = {isa = PBXBuildFile; fileRef = 040D0B311D5CCCAE00A178B6 /* main.js */; };
		040D0B541D5CCCAE00A178B6 /* NSSHTest.m in Sources */ = {isa = PBXBuildFile; fileRef = 040D0B331D5CCCAE00A178B6 /* NSSHTest.m */; };
		040D0B551D5CCCAE00A178B6 /* PhoneVerificationView.m in Sources */ = {isa = PBXBuildFile; fileRef = 040D0B351D5CCCAE00A178B6 /* PhoneVerificationView.m */; };
		040D0B561D5CCCAE00A178B6 /* PhoneVerificationView.xib in Resources */ = {isa = PBXBuildFile; fileRef = 040D0B361D5CCCAE00A178B6 /* PhoneVerificationView.xib */; };
		040D0B571D5CCCAE00A178B6 /* QRCodeScanViewController.m in Sources */ = {isa = PBXBuildFile; fileRef = 040D0B391D5CCCAE00A178B6 /* QRCodeScanViewController.m */; };
		040D0B581D5CCCAE00A178B6 /* SosoDetailInfoViewController.storyboard in Resources */ = {isa = PBXBuildFile; fileRef = 040D0B3A1D5CCCAE00A178B6 /* SosoDetailInfoViewController.storyboard */; };
		040D0B591D5CCCAE00A178B6 /* TestViewController.m in Sources */ = {isa = PBXBuildFile; fileRef = 040D0B3C1D5CCCAE00A178B6 /* TestViewController.m */; };
		040D0B5A1D5CCCAE00A178B6 /* truehouse_agreement.html in Resources */ = {isa = PBXBuildFile; fileRef = 040D0B3D1D5CCCAE00A178B6 /* truehouse_agreement.html */; };
		040D0B5B1D5CCCAE00A178B6 /* TrueHouseDepositsView.m in Sources */ = {isa = PBXBuildFile; fileRef = 040D0B3F1D5CCCAE00A178B6 /* TrueHouseDepositsView.m */; };
		040D0B5C1D5CCCAE00A178B6 /* TrueHouseRuleController.m in Sources */ = {isa = PBXBuildFile; fileRef = 040D0B411D5CCCAE00A178B6 /* TrueHouseRuleController.m */; };
		040D0B5E1D5CCCAE00A178B6 /* VRSourceViewController.m in Sources */ = {isa = PBXBuildFile; fileRef = 040D0B461D5CCCAE00A178B6 /* VRSourceViewController.m */; };
		040D0B5F1D5CCCAE00A178B6 /* XMLDictionary.m in Sources */ = {isa = PBXBuildFile; fileRef = 040D0B491D5CCCAE00A178B6 /* XMLDictionary.m */; };
		442951392E93E85D53CFE672 /* libPods-SHBasePro.a in Frameworks */ = {isa = PBXBuildFile; fileRef = D36CF12ADD6542B657595C75 /* libPods-SHBasePro.a */; };
		4A09865A1D50D1C100D0802C /* Reveal.framework in Frameworks */ = {isa = PBXBuildFile; fileRef = 4A0986591D50D1C100D0802C /* Reveal.framework */; };
		4A0D26D81D9380FD00CAB38B /* AES.m in Sources */ = {isa = PBXBuildFile; fileRef = 4A0D26C91D9380FD00CAB38B /* AES.m */; };
		4A0D26D91D9380FD00CAB38B /* NSData+Base64.m in Sources */ = {isa = PBXBuildFile; fileRef = 4A0D26CB1D9380FD00CAB38B /* NSData+Base64.m */; };
		4A0D26DA1D9380FD00CAB38B /* NSData+CommonCrypto.m in Sources */ = {isa = PBXBuildFile; fileRef = 4A0D26CD1D9380FD00CAB38B /* NSData+CommonCrypto.m */; };
		4A0D26DB1D9380FD00CAB38B /* NSString+Base64.m in Sources */ = {isa = PBXBuildFile; fileRef = 4A0D26CF1D9380FD00CAB38B /* NSString+Base64.m */; };
		4A0D26DC1D9380FD00CAB38B /* MD5.m in Sources */ = {isa = PBXBuildFile; fileRef = 4A0D26D21D9380FD00CAB38B /* MD5.m */; };
		4A0D26DD1D9380FD00CAB38B /* Base64.m in Sources */ = {isa = PBXBuildFile; fileRef = 4A0D26D51D9380FD00CAB38B /* Base64.m */; };
		4A0D26DE1D9380FD00CAB38B /* RSA.m in Sources */ = {isa = PBXBuildFile; fileRef = 4A0D26D71D9380FD00CAB38B /* RSA.m */; };
		4A0D26E11D94D3D700CAB38B /* AppHelper.m in Sources */ = {isa = PBXBuildFile; fileRef = 4A0D26E01D94D3D700CAB38B /* AppHelper.m */; };
		4A159AE71E08E14A00549EEE /* DataViewControllerMVVM.m in Sources */ = {isa = PBXBuildFile; fileRef = 4A159AE51E08E14A00549EEE /* DataViewControllerMVVM.m */; };
		4A159AEA1E08EFCA00549EEE /* DataCellMvvm.m in Sources */ = {isa = PBXBuildFile; fileRef = 4A159AE81E08EFCA00549EEE /* DataCellMvvm.m */; };
		4A159AED1E08F1C000549EEE /* PresentableViewModel.m in Sources */ = {isa = PBXBuildFile; fileRef = 4A159AEC1E08F1C000549EEE /* PresentableViewModel.m */; };
		4A159AF51E0930ED00549EEE /* NavigationPresenter.m in Sources */ = {isa = PBXBuildFile; fileRef = 4A159AF41E0930ED00549EEE /* NavigationPresenter.m */; };
		4A159AF81E09410200549EEE /* UIImage+SkinnedImagePrivate.m in Sources */ = {isa = PBXBuildFile; fileRef = 4A159AF71E09410200549EEE /* UIImage+SkinnedImagePrivate.m */; };
		4A217C741E026B500027C82D /* DataCell.m in Sources */ = {isa = PBXBuildFile; fileRef = 4A217C721E026B500027C82D /* DataCell.m */; };
		4A217C7B1E02930B0027C82D /* DataViewControllerModule.m in Sources */ = {isa = PBXBuildFile; fileRef = 4A217C7A1E02930B0027C82D /* DataViewControllerModule.m */; };
		4A3641A41D84187F0054F227 /* UIControl+SequenceClick.m in Sources */ = {isa = PBXBuildFile; fileRef = 4A3641A31D84187F0054F227 /* UIControl+SequenceClick.m */; };
		4A3BE51B1CDC7667005DBC90 /* CoreLocation.framework in Frameworks */ = {isa = PBXBuildFile; fileRef = 4A3BE51A1CDC7667005DBC90 /* CoreLocation.framework */; };
		4A3BE51D1CDC7672005DBC90 /* CoreMedia.framework in Frameworks */ = {isa = PBXBuildFile; fileRef = 4A3BE51C1CDC7672005DBC90 /* CoreMedia.framework */; };
		4A3BE51F1CDC7684005DBC90 /* MapKit.framework in Frameworks */ = {isa = PBXBuildFile; fileRef = 4A3BE51E1CDC7684005DBC90 /* MapKit.framework */; };
		4A3BE5211CDC768F005DBC90 /* AssetsLibrary.framework in Frameworks */ = {isa = PBXBuildFile; fileRef = 4A3BE5201CDC768F005DBC90 /* AssetsLibrary.framework */; };
		4A3BE5231CDC7696005DBC90 /* MobileCoreServices.framework in Frameworks */ = {isa = PBXBuildFile; fileRef = 4A3BE5221CDC7696005DBC90 /* MobileCoreServices.framework */; };
		4A3BE5251CDC769D005DBC90 /* AVFoundation.framework in Frameworks */ = {isa = PBXBuildFile; fileRef = 4A3BE5241CDC769D005DBC90 /* AVFoundation.framework */; };
		4A3BE5271CDC76A6005DBC90 /* libsqlite3.tbd in Frameworks */ = {isa = PBXBuildFile; fileRef = 4A3BE5261CDC76A6005DBC90 /* libsqlite3.tbd */; };
		4A3BE5291CDC76B0005DBC90 /* libicucore.tbd in Frameworks */ = {isa = PBXBuildFile; fileRef = 4A3BE5281CDC76B0005DBC90 /* libicucore.tbd */; };
		4A3CE3791CDD94020084E6E0 /* CFNetwork.framework in Frameworks */ = {isa = PBXBuildFile; fileRef = 4A3CE3781CDD94020084E6E0 /* CFNetwork.framework */; };
		4A3CE37B1CDD94300084E6E0 /* libresolv.tbd in Frameworks */ = {isa = PBXBuildFile; fileRef = 4A3CE37A1CDD94300084E6E0 /* libresolv.tbd */; };
		4A3CE37D1CDD94A90084E6E0 /* libc++abi.tbd in Frameworks */ = {isa = PBXBuildFile; fileRef = 4A3CE37C1CDD94A90084E6E0 /* libc++abi.tbd */; };
		4A3CE37F1CDD94B90084E6E0 /* libc++.tbd in Frameworks */ = {isa = PBXBuildFile; fileRef = 4A3CE37E1CDD94B90084E6E0 /* libc++.tbd */; };
		4A3CE3811CDD94FE0084E6E0 /* CoreVideo.framework in Frameworks */ = {isa = PBXBuildFile; fileRef = 4A3CE3801CDD94FE0084E6E0 /* CoreVideo.framework */; };
		4A3CE3831CDD950C0084E6E0 /* ImageIO.framework in Frameworks */ = {isa = PBXBuildFile; fileRef = 4A3CE3821CDD950C0084E6E0 /* ImageIO.framework */; };
		4A3CE3851CDD95170084E6E0 /* CoreGraphics.framework in Frameworks */ = {isa = PBXBuildFile; fileRef = 4A3CE3841CDD95170084E6E0 /* CoreGraphics.framework */; };
		4A3CE3871CDD953C0084E6E0 /* Security.framework in Frameworks */ = {isa = PBXBuildFile; fileRef = 4A3CE3861CDD953C0084E6E0 /* Security.framework */; };
		4A4D9B361D7D5F6C00D10CD4 /* MongoliaView.m in Sources */ = {isa = PBXBuildFile; fileRef = 4A4D9B351D7D5F6C00D10CD4 /* MongoliaView.m */; };
		4A57DDE91CF2F5D200174FC8 /* JavaScriptCore.framework in Frameworks */ = {isa = PBXBuildFile; fileRef = 4A57DDE81CF2F5D200174FC8 /* JavaScriptCore.framework */; };
		4A57DDEE1CF2F66F00174FC8 /* UIWebView+TS_JavaScriptContext.m in Sources */ = {isa = PBXBuildFile; fileRef = 4A57DDED1CF2F66F00174FC8 /* UIWebView+TS_JavaScriptContext.m */; };
		4A655B831D7AD990007BCF39 /* HttpManager.m in Sources */ = {isa = PBXBuildFile; fileRef = 4A655B821D7AD990007BCF39 /* HttpManager.m */; };
		4A655B881D7ADB59007BCF39 /* MovieModel.m in Sources */ = {isa = PBXBuildFile; fileRef = 4A655B871D7ADB59007BCF39 /* MovieModel.m */; };
		4A655B8D1D7ADF09007BCF39 /* DataModelRequest.m in Sources */ = {isa = PBXBuildFile; fileRef = 4A655B8C1D7ADF09007BCF39 /* DataModelRequest.m */; };
		4A6B783D1CDCA81F0062111F /* libxml2.tbd in Frameworks */ = {isa = PBXBuildFile; fileRef = 4A6B783C1CDCA81F0062111F /* libxml2.tbd */; };
		4A83CEAD1D798D5C002CA71C /* RDVTabBar.m in Sources */ = {isa = PBXBuildFile; fileRef = 4A83CEA61D798D5C002CA71C /* RDVTabBar.m */; };
		4A83CEAE1D798D5C002CA71C /* RDVTabBarController.m in Sources */ = {isa = PBXBuildFile; fileRef = 4A83CEA81D798D5C002CA71C /* RDVTabBarController.m */; };
		4A83CEAF1D798D5C002CA71C /* RDVTabBarItem.m in Sources */ = {isa = PBXBuildFile; fileRef = 4A83CEAA1D798D5C002CA71C /* RDVTabBarItem.m */; };
		4A83CEB01D798D5C002CA71C /* RDVTabBarJifItem.m in Sources */ = {isa = PBXBuildFile; fileRef = 4A83CEAC1D798D5C002CA71C /* RDVTabBarJifItem.m */; };
		4A83CEB41D7997D1002CA71C /* BaseViewController.m in Sources */ = {isa = PBXBuildFile; fileRef = 4A83CEB31D7997D1002CA71C /* BaseViewController.m */; };
		4A83CEB81D7998A4002CA71C /* CenterViewController.m in Sources */ = {isa = PBXBuildFile; fileRef = 4A83CEB71D7998A4002CA71C /* CenterViewController.m */; };
		4A9114341CF0702900641789 /* AppDelegate.m in Sources */ = {isa = PBXBuildFile; fileRef = 4A91138C1CF0702900641789 /* AppDelegate.m */; };
		4A9114351CF0702900641789 /* Assets.xcassets in Resources */ = {isa = PBXBuildFile; fileRef = 4A91138D1CF0702900641789 /* Assets.xcassets */; };
		4A91143B1CF0702900641789 /* LaunchScreen.storyboard in Resources */ = {isa = PBXBuildFile; fileRef = 4A9113991CF0702900641789 /* LaunchScreen.storyboard */; };
		4A91143C1CF0702900641789 /* Main.storyboard in Resources */ = {isa = PBXBuildFile; fileRef = 4A91139B1CF0702900641789 /* Main.storyboard */; };
		4A9114561CF0702900641789 /* Info.plist in Resources */ = {isa = PBXBuildFile; fileRef = 4A9113F61CF0702900641789 /* Info.plist */; };
		4A91145D1CF0702900641789 /* main.m in Sources */ = {isa = PBXBuildFile; fileRef = 4A9114031CF0702900641789 /* main.m */; };
		4AB6A33C1D58C42C00460300 /* libz.tbd in Frameworks */ = {isa = PBXBuildFile; fileRef = 4AB6A33B1D58C42C00460300 /* libz.tbd */; };
		4AB6A3401D58C85F00460300 /* JSPatch.framework in Frameworks */ = {isa = PBXBuildFile; fileRef = 4AB6A33F1D58C85F00460300 /* JSPatch.framework */; };
		4AF2B6171E05175300714667 /* NSObject+ApiServiceProtocol.m in Sources */ = {isa = PBXBuildFile; fileRef = 4AF2B6161E05175300714667 /* NSObject+ApiServiceProtocol.m */; };
		4AF2B61E1E05301300714667 /* ApiServicePassthrouth.m in Sources */ = {isa = PBXBuildFile; fileRef = 4AF2B61D1E05301300714667 /* ApiServicePassthrouth.m */; };
		4AF2B6211E05334400714667 /* GetApiService.m in Sources */ = {isa = PBXBuildFile; fileRef = 4AF2B61F1E05334400714667 /* GetApiService.m */; };
		4AF2B6241E0540C700714667 /* PostApiService.m in Sources */ = {isa = PBXBuildFile; fileRef = 4AF2B6231E0540C700714667 /* PostApiService.m */; };
		4AFC7C3D1E065E590079ECA5 /* HostFetcher.m in Sources */ = {isa = PBXBuildFile; fileRef = 4AFC7C3C1E065E590079ECA5 /* HostFetcher.m */; };
/* End PBXBuildFile section */

/* Begin PBXFileReference section */
		040D0AEC1D5CCC9A00A178B6 /* NSAttributedString+XTAttributionSize.h */ = {isa = PBXFileReference; fileEncoding = 4; lastKnownFileType = sourcecode.c.h; path = "NSAttributedString+XTAttributionSize.h"; sourceTree = "<group>"; };
		040D0AED1D5CCC9A00A178B6 /* NSAttributedString+XTAttributionSize.m */ = {isa = PBXFileReference; fileEncoding = 4; lastKnownFileType = sourcecode.c.objc; path = "NSAttributedString+XTAttributionSize.m"; sourceTree = "<group>"; };
		040D0AEE1D5CCC9A00A178B6 /* NSString+XTSize.h */ = {isa = PBXFileReference; fileEncoding = 4; lastKnownFileType = sourcecode.c.h; path = "NSString+XTSize.h"; sourceTree = "<group>"; };
		040D0AEF1D5CCC9A00A178B6 /* NSString+XTSize.m */ = {isa = PBXFileReference; fileEncoding = 4; lastKnownFileType = sourcecode.c.objc; path = "NSString+XTSize.m"; sourceTree = "<group>"; };
		040D0AF01D5CCC9A00A178B6 /* UIButton+Layout.h */ = {isa = PBXFileReference; fileEncoding = 4; lastKnownFileType = sourcecode.c.h; path = "UIButton+Layout.h"; sourceTree = "<group>"; };
		040D0AF11D5CCC9A00A178B6 /* UIButton+Layout.m */ = {isa = PBXFileReference; fileEncoding = 4; lastKnownFileType = sourcecode.c.objc; path = "UIButton+Layout.m"; sourceTree = "<group>"; };
		040D0AF21D5CCC9A00A178B6 /* UIColor+Tool.h */ = {isa = PBXFileReference; fileEncoding = 4; lastKnownFileType = sourcecode.c.h; path = "UIColor+Tool.h"; sourceTree = "<group>"; };
		040D0AF31D5CCC9A00A178B6 /* UIColor+Tool.m */ = {isa = PBXFileReference; fileEncoding = 4; lastKnownFileType = sourcecode.c.objc; path = "UIColor+Tool.m"; sourceTree = "<group>"; };
		040D0AF41D5CCC9A00A178B6 /* UIImageView+Tool.h */ = {isa = PBXFileReference; fileEncoding = 4; lastKnownFileType = sourcecode.c.h; path = "UIImageView+Tool.h"; sourceTree = "<group>"; };
		040D0AF51D5CCC9A00A178B6 /* UIImageView+Tool.m */ = {isa = PBXFileReference; fileEncoding = 4; lastKnownFileType = sourcecode.c.objc; path = "UIImageView+Tool.m"; sourceTree = "<group>"; };
		040D0AF61D5CCC9A00A178B6 /* UILabel+Tool.h */ = {isa = PBXFileReference; fileEncoding = 4; lastKnownFileType = sourcecode.c.h; path = "UILabel+Tool.h"; sourceTree = "<group>"; };
		040D0AF71D5CCC9A00A178B6 /* UILabel+Tool.m */ = {isa = PBXFileReference; fileEncoding = 4; lastKnownFileType = sourcecode.c.objc; path = "UILabel+Tool.m"; sourceTree = "<group>"; };
		040D0AF81D5CCC9A00A178B6 /* UINavigationController+Push.h */ = {isa = PBXFileReference; fileEncoding = 4; lastKnownFileType = sourcecode.c.h; path = "UINavigationController+Push.h"; sourceTree = "<group>"; };
		040D0AF91D5CCC9A00A178B6 /* UINavigationController+Push.m */ = {isa = PBXFileReference; fileEncoding = 4; lastKnownFileType = sourcecode.c.objc; path = "UINavigationController+Push.m"; sourceTree = "<group>"; };
		040D0AFA1D5CCC9A00A178B6 /* UIViewExt.h */ = {isa = PBXFileReference; fileEncoding = 4; lastKnownFileType = sourcecode.c.h; path = UIViewExt.h; sourceTree = "<group>"; };
		040D0AFB1D5CCC9A00A178B6 /* UIViewExt.m */ = {isa = PBXFileReference; fileEncoding = 4; lastKnownFileType = sourcecode.c.objc; path = UIViewExt.m; sourceTree = "<group>"; };
		040D0AFC1D5CCC9A00A178B6 /* UIWindow+Category.h */ = {isa = PBXFileReference; fileEncoding = 4; lastKnownFileType = sourcecode.c.h; path = "UIWindow+Category.h"; sourceTree = "<group>"; };
		040D0AFD1D5CCC9A00A178B6 /* UIWindow+Category.m */ = {isa = PBXFileReference; fileEncoding = 4; lastKnownFileType = sourcecode.c.objc; path = "UIWindow+Category.m"; sourceTree = "<group>"; };
		040D0B001D5CCC9A00A178B6 /* DataViewController.h */ = {isa = PBXFileReference; fileEncoding = 4; lastKnownFileType = sourcecode.c.h; path = DataViewController.h; sourceTree = "<group>"; };
		040D0B011D5CCC9A00A178B6 /* DataViewController.m */ = {isa = PBXFileReference; fileEncoding = 4; lastKnownFileType = sourcecode.c.objc; path = DataViewController.m; sourceTree = "<group>"; };
		040D0B031D5CCC9A00A178B6 /* HcdGuideViewCell.h */ = {isa = PBXFileReference; fileEncoding = 4; lastKnownFileType = sourcecode.c.h; path = HcdGuideViewCell.h; sourceTree = "<group>"; };
		040D0B041D5CCC9A00A178B6 /* HcdGuideViewCell.m */ = {isa = PBXFileReference; fileEncoding = 4; lastKnownFileType = sourcecode.c.objc; path = HcdGuideViewCell.m; sourceTree = "<group>"; };
		040D0B051D5CCC9A00A178B6 /* HcdGuideViewManager.h */ = {isa = PBXFileReference; fileEncoding = 4; lastKnownFileType = sourcecode.c.h; path = HcdGuideViewManager.h; sourceTree = "<group>"; };
		040D0B061D5CCC9A00A178B6 /* HcdGuideViewManager.m */ = {isa = PBXFileReference; fileEncoding = 4; lastKnownFileType = sourcecode.c.objc; path = HcdGuideViewManager.m; sourceTree = "<group>"; };
		040D0B081D5CCC9A00A178B6 /* HomeViewController.h */ = {isa = PBXFileReference; fileEncoding = 4; lastKnownFileType = sourcecode.c.h; path = HomeViewController.h; sourceTree = "<group>"; };
		040D0B091D5CCC9A00A178B6 /* HomeViewController.m */ = {isa = PBXFileReference; fileEncoding = 4; lastKnownFileType = sourcecode.c.objc; path = HomeViewController.m; sourceTree = "<group>"; };
		040D0B0B1D5CCC9A00A178B6 /* MessageViewController.h */ = {isa = PBXFileReference; fileEncoding = 4; lastKnownFileType = sourcecode.c.h; path = MessageViewController.h; sourceTree = "<group>"; };
		040D0B0C1D5CCC9A00A178B6 /* MessageViewController.m */ = {isa = PBXFileReference; fileEncoding = 4; lastKnownFileType = sourcecode.c.objc; path = MessageViewController.m; sourceTree = "<group>"; };
		040D0B0E1D5CCC9A00A178B6 /* MineViewController.h */ = {isa = PBXFileReference; fileEncoding = 4; lastKnownFileType = sourcecode.c.h; path = MineViewController.h; sourceTree = "<group>"; };
		040D0B0F1D5CCC9A00A178B6 /* MineViewController.m */ = {isa = PBXFileReference; fileEncoding = 4; lastKnownFileType = sourcecode.c.objc; path = MineViewController.m; sourceTree = "<group>"; };
		040D0B1F1D5CCCAE00A178B6 /* BondRechargeViewController.h */ = {isa = PBXFileReference; fileEncoding = 4; lastKnownFileType = sourcecode.c.h; path = BondRechargeViewController.h; sourceTree = "<group>"; };
		040D0B201D5CCCAE00A178B6 /* BondRechargeViewController.m */ = {isa = PBXFileReference; fileEncoding = 4; lastKnownFileType = sourcecode.c.objc; path = BondRechargeViewController.m; sourceTree = "<group>"; };
		040D0B211D5CCCAE00A178B6 /* ContactMethodAlertView.h */ = {isa = PBXFileReference; fileEncoding = 4; lastKnownFileType = sourcecode.c.h; path = ContactMethodAlertView.h; sourceTree = "<group>"; };
		040D0B221D5CCCAE00A178B6 /* ContactMethodAlertView.m */ = {isa = PBXFileReference; fileEncoding = 4; lastKnownFileType = sourcecode.c.objc; path = ContactMethodAlertView.m; sourceTree = "<group>"; };
		040D0B231D5CCCAE00A178B6 /* HFTReceivablesView.h */ = {isa = PBXFileReference; fileEncoding = 4; lastKnownFileType = sourcecode.c.h; path = HFTReceivablesView.h; sourceTree = "<group>"; };
		040D0B241D5CCCAE00A178B6 /* HFTReceivablesView.m */ = {isa = PBXFileReference; fileEncoding = 4; lastKnownFileType = sourcecode.c.objc; path = HFTReceivablesView.m; sourceTree = "<group>"; };
		040D0B251D5CCCAE00A178B6 /* HFTSettlementView.h */ = {isa = PBXFileReference; fileEncoding = 4; lastKnownFileType = sourcecode.c.h; path = HFTSettlementView.h; sourceTree = "<group>"; };
		040D0B261D5CCCAE00A178B6 /* HFTSettlementView.m */ = {isa = PBXFileReference; fileEncoding = 4; lastKnownFileType = sourcecode.c.objc; path = HFTSettlementView.m; sourceTree = "<group>"; };
		040D0B281D5CCCAE00A178B6 /* HitTestView.h */ = {isa = PBXFileReference; fileEncoding = 4; lastKnownFileType = sourcecode.c.h; path = HitTestView.h; sourceTree = "<group>"; };
		040D0B291D5CCCAE00A178B6 /* HitTestView.m */ = {isa = PBXFileReference; fileEncoding = 4; lastKnownFileType = sourcecode.c.objc; path = HitTestView.m; sourceTree = "<group>"; };
		040D0B2A1D5CCCAE00A178B6 /* IMSendhouseTips.h */ = {isa = PBXFileReference; fileEncoding = 4; lastKnownFileType = sourcecode.c.h; path = IMSendhouseTips.h; sourceTree = "<group>"; };
		040D0B2B1D5CCCAE00A178B6 /* IMSendhouseTips.m */ = {isa = PBXFileReference; fileEncoding = 4; lastKnownFileType = sourcecode.c.objc; path = IMSendhouseTips.m; sourceTree = "<group>"; };
		040D0B2E1D5CCCAE00A178B6 /* JsonBaseModel.h */ = {isa = PBXFileReference; fileEncoding = 4; lastKnownFileType = sourcecode.c.h; path = JsonBaseModel.h; sourceTree = "<group>"; };
		040D0B2F1D5CCCAE00A178B6 /* JsonBaseModel.m */ = {isa = PBXFileReference; fileEncoding = 4; lastKnownFileType = sourcecode.c.objc; path = JsonBaseModel.m; sourceTree = "<group>"; };
		040D0B311D5CCCAE00A178B6 /* main.js */ = {isa = PBXFileReference; fileEncoding = 4; lastKnownFileType = sourcecode.javascript; path = main.js; sourceTree = "<group>"; };
		040D0B321D5CCCAE00A178B6 /* NSSHTest.h */ = {isa = PBXFileReference; fileEncoding = 4; lastKnownFileType = sourcecode.c.h; path = NSSHTest.h; sourceTree = "<group>"; };
		040D0B331D5CCCAE00A178B6 /* NSSHTest.m */ = {isa = PBXFileReference; fileEncoding = 4; lastKnownFileType = sourcecode.c.objc; path = NSSHTest.m; sourceTree = "<group>"; };
		040D0B341D5CCCAE00A178B6 /* PhoneVerificationView.h */ = {isa = PBXFileReference; fileEncoding = 4; lastKnownFileType = sourcecode.c.h; path = PhoneVerificationView.h; sourceTree = "<group>"; };
		040D0B351D5CCCAE00A178B6 /* PhoneVerificationView.m */ = {isa = PBXFileReference; fileEncoding = 4; lastKnownFileType = sourcecode.c.objc; path = PhoneVerificationView.m; sourceTree = "<group>"; };
		040D0B361D5CCCAE00A178B6 /* PhoneVerificationView.xib */ = {isa = PBXFileReference; fileEncoding = 4; lastKnownFileType = file.xib; path = PhoneVerificationView.xib; sourceTree = "<group>"; };
		040D0B381D5CCCAE00A178B6 /* QRCodeScanViewController.h */ = {isa = PBXFileReference; fileEncoding = 4; lastKnownFileType = sourcecode.c.h; path = QRCodeScanViewController.h; sourceTree = "<group>"; };
		040D0B391D5CCCAE00A178B6 /* QRCodeScanViewController.m */ = {isa = PBXFileReference; fileEncoding = 4; lastKnownFileType = sourcecode.c.objc; path = QRCodeScanViewController.m; sourceTree = "<group>"; };
		040D0B3A1D5CCCAE00A178B6 /* SosoDetailInfoViewController.storyboard */ = {isa = PBXFileReference; fileEncoding = 4; lastKnownFileType = file.storyboard; path = SosoDetailInfoViewController.storyboard; sourceTree = "<group>"; };
		040D0B3B1D5CCCAE00A178B6 /* TestViewController.h */ = {isa = PBXFileReference; fileEncoding = 4; lastKnownFileType = sourcecode.c.h; path = TestViewController.h; sourceTree = "<group>"; };
		040D0B3C1D5CCCAE00A178B6 /* TestViewController.m */ = {isa = PBXFileReference; fileEncoding = 4; lastKnownFileType = sourcecode.c.objc; path = TestViewController.m; sourceTree = "<group>"; };
		040D0B3D1D5CCCAE00A178B6 /* truehouse_agreement.html */ = {isa = PBXFileReference; fileEncoding = 4; lastKnownFileType = text.html; path = truehouse_agreement.html; sourceTree = "<group>"; };
		040D0B3E1D5CCCAE00A178B6 /* TrueHouseDepositsView.h */ = {isa = PBXFileReference; fileEncoding = 4; lastKnownFileType = sourcecode.c.h; path = TrueHouseDepositsView.h; sourceTree = "<group>"; };
		040D0B3F1D5CCCAE00A178B6 /* TrueHouseDepositsView.m */ = {isa = PBXFileReference; fileEncoding = 4; lastKnownFileType = sourcecode.c.objc; path = TrueHouseDepositsView.m; sourceTree = "<group>"; };
		040D0B401D5CCCAE00A178B6 /* TrueHouseRuleController.h */ = {isa = PBXFileReference; fileEncoding = 4; lastKnownFileType = sourcecode.c.h; path = TrueHouseRuleController.h; sourceTree = "<group>"; };
		040D0B411D5CCCAE00A178B6 /* TrueHouseRuleController.m */ = {isa = PBXFileReference; fileEncoding = 4; lastKnownFileType = sourcecode.c.objc; path = TrueHouseRuleController.m; sourceTree = "<group>"; };
		040D0B451D5CCCAE00A178B6 /* VRSourceViewController.h */ = {isa = PBXFileReference; fileEncoding = 4; lastKnownFileType = sourcecode.c.h; path = VRSourceViewController.h; sourceTree = "<group>"; };
		040D0B461D5CCCAE00A178B6 /* VRSourceViewController.m */ = {isa = PBXFileReference; fileEncoding = 4; lastKnownFileType = sourcecode.c.objc; path = VRSourceViewController.m; sourceTree = "<group>"; };
		040D0B481D5CCCAE00A178B6 /* XMLDictionary.h */ = {isa = PBXFileReference; fileEncoding = 4; lastKnownFileType = sourcecode.c.h; path = XMLDictionary.h; sourceTree = "<group>"; };
		040D0B491D5CCCAE00A178B6 /* XMLDictionary.m */ = {isa = PBXFileReference; fileEncoding = 4; lastKnownFileType = sourcecode.c.objc; path = XMLDictionary.m; sourceTree = "<group>"; };
		4339DAF5961A41AD0BD8F36C /* Pods-SHBasePro.debug.xcconfig */ = {isa = PBXFileReference; includeInIndex = 1; lastKnownFileType = text.xcconfig; name = "Pods-SHBasePro.debug.xcconfig"; path = "Pods/Target Support Files/Pods-SHBasePro/Pods-SHBasePro.debug.xcconfig"; sourceTree = "<group>"; };
		4A0986591D50D1C100D0802C /* Reveal.framework */ = {isa = PBXFileReference; lastKnownFileType = wrapper.framework; path = Reveal.framework; sourceTree = "<group>"; };
		4A0D26C81D9380FD00CAB38B /* AES.h */ = {isa = PBXFileReference; fileEncoding = 4; lastKnownFileType = sourcecode.c.h; path = AES.h; sourceTree = "<group>"; };
		4A0D26C91D9380FD00CAB38B /* AES.m */ = {isa = PBXFileReference; fileEncoding = 4; lastKnownFileType = sourcecode.c.objc; path = AES.m; sourceTree = "<group>"; };
		4A0D26CA1D9380FD00CAB38B /* NSData+Base64.h */ = {isa = PBXFileReference; fileEncoding = 4; lastKnownFileType = sourcecode.c.h; path = "NSData+Base64.h"; sourceTree = "<group>"; };
		4A0D26CB1D9380FD00CAB38B /* NSData+Base64.m */ = {isa = PBXFileReference; fileEncoding = 4; lastKnownFileType = sourcecode.c.objc; path = "NSData+Base64.m"; sourceTree = "<group>"; };
		4A0D26CC1D9380FD00CAB38B /* NSData+CommonCrypto.h */ = {isa = PBXFileReference; fileEncoding = 4; lastKnownFileType = sourcecode.c.h; path = "NSData+CommonCrypto.h"; sourceTree = "<group>"; };
		4A0D26CD1D9380FD00CAB38B /* NSData+CommonCrypto.m */ = {isa = PBXFileReference; fileEncoding = 4; lastKnownFileType = sourcecode.c.objc; path = "NSData+CommonCrypto.m"; sourceTree = "<group>"; };
		4A0D26CE1D9380FD00CAB38B /* NSString+Base64.h */ = {isa = PBXFileReference; fileEncoding = 4; lastKnownFileType = sourcecode.c.h; path = "NSString+Base64.h"; sourceTree = "<group>"; };
		4A0D26CF1D9380FD00CAB38B /* NSString+Base64.m */ = {isa = PBXFileReference; fileEncoding = 4; lastKnownFileType = sourcecode.c.objc; path = "NSString+Base64.m"; sourceTree = "<group>"; };
		4A0D26D11D9380FD00CAB38B /* MD5.h */ = {isa = PBXFileReference; fileEncoding = 4; lastKnownFileType = sourcecode.c.h; path = MD5.h; sourceTree = "<group>"; };
		4A0D26D21D9380FD00CAB38B /* MD5.m */ = {isa = PBXFileReference; fileEncoding = 4; lastKnownFileType = sourcecode.c.objc; path = MD5.m; sourceTree = "<group>"; };
		4A0D26D41D9380FD00CAB38B /* Base64.h */ = {isa = PBXFileReference; fileEncoding = 4; lastKnownFileType = sourcecode.c.h; path = Base64.h; sourceTree = "<group>"; };
		4A0D26D51D9380FD00CAB38B /* Base64.m */ = {isa = PBXFileReference; fileEncoding = 4; lastKnownFileType = sourcecode.c.objc; path = Base64.m; sourceTree = "<group>"; };
		4A0D26D61D9380FD00CAB38B /* RSA.h */ = {isa = PBXFileReference; fileEncoding = 4; lastKnownFileType = sourcecode.c.h; path = RSA.h; sourceTree = "<group>"; };
		4A0D26D71D9380FD00CAB38B /* RSA.m */ = {isa = PBXFileReference; fileEncoding = 4; lastKnownFileType = sourcecode.c.objc; path = RSA.m; sourceTree = "<group>"; };
		4A0D26DF1D94D3D700CAB38B /* AppHelper.h */ = {isa = PBXFileReference; fileEncoding = 4; lastKnownFileType = sourcecode.c.h; path = AppHelper.h; sourceTree = "<group>"; };
		4A0D26E01D94D3D700CAB38B /* AppHelper.m */ = {isa = PBXFileReference; fileEncoding = 4; lastKnownFileType = sourcecode.c.objc; path = AppHelper.m; sourceTree = "<group>"; };
		4A159AE41E08DF2500549EEE /* PresentableProtocol.h */ = {isa = PBXFileReference; lastKnownFileType = sourcecode.c.h; path = PresentableProtocol.h; sourceTree = "<group>"; };
		4A159AE51E08E14A00549EEE /* DataViewControllerMVVM.m */ = {isa = PBXFileReference; fileEncoding = 4; lastKnownFileType = sourcecode.c.objc; path = DataViewControllerMVVM.m; sourceTree = "<group>"; };
		4A159AE61E08E14A00549EEE /* DataViewControllerMVVM.h */ = {isa = PBXFileReference; fileEncoding = 4; lastKnownFileType = sourcecode.c.h; path = DataViewControllerMVVM.h; sourceTree = "<group>"; };
		4A159AE81E08EFCA00549EEE /* DataCellMvvm.m */ = {isa = PBXFileReference; fileEncoding = 4; lastKnownFileType = sourcecode.c.objc; path = DataCellMvvm.m; sourceTree = "<group>"; };
		4A159AE91E08EFCA00549EEE /* DataCellMvvm.h */ = {isa = PBXFileReference; fileEncoding = 4; lastKnownFileType = sourcecode.c.h; path = DataCellMvvm.h; sourceTree = "<group>"; };
		4A159AEB1E08F1C000549EEE /* PresentableViewModel.h */ = {isa = PBXFileReference; fileEncoding = 4; lastKnownFileType = sourcecode.c.h; path = PresentableViewModel.h; sourceTree = "<group>"; };
		4A159AEC1E08F1C000549EEE /* PresentableViewModel.m */ = {isa = PBXFileReference; fileEncoding = 4; lastKnownFileType = sourcecode.c.objc; path = PresentableViewModel.m; sourceTree = "<group>"; };
		4A159AF21E0928D000549EEE /* NavigationPresenterProtocol.h */ = {isa = PBXFileReference; lastKnownFileType = sourcecode.c.h; path = NavigationPresenterProtocol.h; sourceTree = "<group>"; };
		4A159AF31E0930ED00549EEE /* NavigationPresenter.h */ = {isa = PBXFileReference; fileEncoding = 4; lastKnownFileType = sourcecode.c.h; path = NavigationPresenter.h; sourceTree = "<group>"; };
		4A159AF41E0930ED00549EEE /* NavigationPresenter.m */ = {isa = PBXFileReference; fileEncoding = 4; lastKnownFileType = sourcecode.c.objc; path = NavigationPresenter.m; sourceTree = "<group>"; };
		4A159AF61E09410200549EEE /* UIImage+SkinnedImagePrivate.h */ = {isa = PBXFileReference; fileEncoding = 4; lastKnownFileType = sourcecode.c.h; path = "UIImage+SkinnedImagePrivate.h"; sourceTree = "<group>"; };
		4A159AF71E09410200549EEE /* UIImage+SkinnedImagePrivate.m */ = {isa = PBXFileReference; fileEncoding = 4; lastKnownFileType = sourcecode.c.objc; path = "UIImage+SkinnedImagePrivate.m"; sourceTree = "<group>"; };
		4A217C721E026B500027C82D /* DataCell.m */ = {isa = PBXFileReference; fileEncoding = 4; lastKnownFileType = sourcecode.c.objc; path = DataCell.m; sourceTree = "<group>"; };
		4A217C731E026B500027C82D /* DataCell.h */ = {isa = PBXFileReference; fileEncoding = 4; lastKnownFileType = sourcecode.c.h; path = DataCell.h; sourceTree = "<group>"; };
		4A217C751E026CEF0027C82D /* CommonDefine.h */ = {isa = PBXFileReference; fileEncoding = 4; lastKnownFileType = sourcecode.c.h; path = CommonDefine.h; sourceTree = "<group>"; };
		4A217C761E026CEF0027C82D /* CommonHeader.h */ = {isa = PBXFileReference; fileEncoding = 4; lastKnownFileType = sourcecode.c.h; path = CommonHeader.h; sourceTree = "<group>"; };
		4A217C791E02930B0027C82D /* DataViewControllerModule.h */ = {isa = PBXFileReference; fileEncoding = 4; lastKnownFileType = sourcecode.c.h; path = DataViewControllerModule.h; sourceTree = "<group>"; };
		4A217C7A1E02930B0027C82D /* DataViewControllerModule.m */ = {isa = PBXFileReference; fileEncoding = 4; lastKnownFileType = sourcecode.c.objc; path = DataViewControllerModule.m; sourceTree = "<group>"; };
		4A3641A21D84187F0054F227 /* UIControl+SequenceClick.h */ = {isa = PBXFileReference; fileEncoding = 4; lastKnownFileType = sourcecode.c.h; path = "UIControl+SequenceClick.h"; sourceTree = "<group>"; };
		4A3641A31D84187F0054F227 /* UIControl+SequenceClick.m */ = {isa = PBXFileReference; fileEncoding = 4; lastKnownFileType = sourcecode.c.objc; path = "UIControl+SequenceClick.m"; sourceTree = "<group>"; };
		4A3BE51A1CDC7667005DBC90 /* CoreLocation.framework */ = {isa = PBXFileReference; lastKnownFileType = wrapper.framework; name = CoreLocation.framework; path = System/Library/Frameworks/CoreLocation.framework; sourceTree = SDKROOT; };
		4A3BE51C1CDC7672005DBC90 /* CoreMedia.framework */ = {isa = PBXFileReference; lastKnownFileType = wrapper.framework; name = CoreMedia.framework; path = System/Library/Frameworks/CoreMedia.framework; sourceTree = SDKROOT; };
		4A3BE51E1CDC7684005DBC90 /* MapKit.framework */ = {isa = PBXFileReference; lastKnownFileType = wrapper.framework; name = MapKit.framework; path = System/Library/Frameworks/MapKit.framework; sourceTree = SDKROOT; };
		4A3BE5201CDC768F005DBC90 /* AssetsLibrary.framework */ = {isa = PBXFileReference; lastKnownFileType = wrapper.framework; name = AssetsLibrary.framework; path = System/Library/Frameworks/AssetsLibrary.framework; sourceTree = SDKROOT; };
		4A3BE5221CDC7696005DBC90 /* MobileCoreServices.framework */ = {isa = PBXFileReference; lastKnownFileType = wrapper.framework; name = MobileCoreServices.framework; path = System/Library/Frameworks/MobileCoreServices.framework; sourceTree = SDKROOT; };
		4A3BE5241CDC769D005DBC90 /* AVFoundation.framework */ = {isa = PBXFileReference; lastKnownFileType = wrapper.framework; name = AVFoundation.framework; path = System/Library/Frameworks/AVFoundation.framework; sourceTree = SDKROOT; };
		4A3BE5261CDC76A6005DBC90 /* libsqlite3.tbd */ = {isa = PBXFileReference; lastKnownFileType = "sourcecode.text-based-dylib-definition"; name = libsqlite3.tbd; path = usr/lib/libsqlite3.tbd; sourceTree = SDKROOT; };
		4A3BE5281CDC76B0005DBC90 /* libicucore.tbd */ = {isa = PBXFileReference; lastKnownFileType = "sourcecode.text-based-dylib-definition"; name = libicucore.tbd; path = usr/lib/libicucore.tbd; sourceTree = SDKROOT; };
		4A3CE3781CDD94020084E6E0 /* CFNetwork.framework */ = {isa = PBXFileReference; lastKnownFileType = wrapper.framework; name = CFNetwork.framework; path = System/Library/Frameworks/CFNetwork.framework; sourceTree = SDKROOT; };
		4A3CE37A1CDD94300084E6E0 /* libresolv.tbd */ = {isa = PBXFileReference; lastKnownFileType = "sourcecode.text-based-dylib-definition"; name = libresolv.tbd; path = usr/lib/libresolv.tbd; sourceTree = SDKROOT; };
		4A3CE37C1CDD94A90084E6E0 /* libc++abi.tbd */ = {isa = PBXFileReference; lastKnownFileType = "sourcecode.text-based-dylib-definition"; name = "libc++abi.tbd"; path = "usr/lib/libc++abi.tbd"; sourceTree = SDKROOT; };
		4A3CE37E1CDD94B90084E6E0 /* libc++.tbd */ = {isa = PBXFileReference; lastKnownFileType = "sourcecode.text-based-dylib-definition"; name = "libc++.tbd"; path = "usr/lib/libc++.tbd"; sourceTree = SDKROOT; };
		4A3CE3801CDD94FE0084E6E0 /* CoreVideo.framework */ = {isa = PBXFileReference; lastKnownFileType = wrapper.framework; name = CoreVideo.framework; path = System/Library/Frameworks/CoreVideo.framework; sourceTree = SDKROOT; };
		4A3CE3821CDD950C0084E6E0 /* ImageIO.framework */ = {isa = PBXFileReference; lastKnownFileType = wrapper.framework; name = ImageIO.framework; path = System/Library/Frameworks/ImageIO.framework; sourceTree = SDKROOT; };
		4A3CE3841CDD95170084E6E0 /* CoreGraphics.framework */ = {isa = PBXFileReference; lastKnownFileType = wrapper.framework; name = CoreGraphics.framework; path = System/Library/Frameworks/CoreGraphics.framework; sourceTree = SDKROOT; };
		4A3CE3861CDD953C0084E6E0 /* Security.framework */ = {isa = PBXFileReference; lastKnownFileType = wrapper.framework; name = Security.framework; path = System/Library/Frameworks/Security.framework; sourceTree = SDKROOT; };
		4A47FD1D1E040D550099811E /* Protocol.h */ = {isa = PBXFileReference; lastKnownFileType = sourcecode.c.h; path = Protocol.h; sourceTree = "<group>"; };
		4A4D9B341D7D5F6C00D10CD4 /* MongoliaView.h */ = {isa = PBXFileReference; fileEncoding = 4; lastKnownFileType = sourcecode.c.h; path = MongoliaView.h; sourceTree = "<group>"; };
		4A4D9B351D7D5F6C00D10CD4 /* MongoliaView.m */ = {isa = PBXFileReference; fileEncoding = 4; lastKnownFileType = sourcecode.c.objc; path = MongoliaView.m; sourceTree = "<group>"; };
		4A57DDE81CF2F5D200174FC8 /* JavaScriptCore.framework */ = {isa = PBXFileReference; lastKnownFileType = wrapper.framework; name = JavaScriptCore.framework; path = System/Library/Frameworks/JavaScriptCore.framework; sourceTree = SDKROOT; };
		4A57DDEC1CF2F66F00174FC8 /* UIWebView+TS_JavaScriptContext.h */ = {isa = PBXFileReference; fileEncoding = 4; lastKnownFileType = sourcecode.c.h; path = "UIWebView+TS_JavaScriptContext.h"; sourceTree = "<group>"; };
		4A57DDED1CF2F66F00174FC8 /* UIWebView+TS_JavaScriptContext.m */ = {isa = PBXFileReference; fileEncoding = 4; lastKnownFileType = sourcecode.c.objc; path = "UIWebView+TS_JavaScriptContext.m"; sourceTree = "<group>"; };
		4A655B811D7AD990007BCF39 /* HttpManager.h */ = {isa = PBXFileReference; fileEncoding = 4; lastKnownFileType = sourcecode.c.h; path = HttpManager.h; sourceTree = "<group>"; };
		4A655B821D7AD990007BCF39 /* HttpManager.m */ = {isa = PBXFileReference; fileEncoding = 4; lastKnownFileType = sourcecode.c.objc; path = HttpManager.m; sourceTree = "<group>"; };
		4A655B861D7ADB59007BCF39 /* MovieModel.h */ = {isa = PBXFileReference; fileEncoding = 4; lastKnownFileType = sourcecode.c.h; path = MovieModel.h; sourceTree = "<group>"; };
		4A655B871D7ADB59007BCF39 /* MovieModel.m */ = {isa = PBXFileReference; fileEncoding = 4; lastKnownFileType = sourcecode.c.objc; path = MovieModel.m; sourceTree = "<group>"; };
		4A655B8B1D7ADF09007BCF39 /* DataModelRequest.h */ = {isa = PBXFileReference; fileEncoding = 4; lastKnownFileType = sourcecode.c.h; path = DataModelRequest.h; sourceTree = "<group>"; };
		4A655B8C1D7ADF09007BCF39 /* DataModelRequest.m */ = {isa = PBXFileReference; fileEncoding = 4; lastKnownFileType = sourcecode.c.objc; path = DataModelRequest.m; sourceTree = "<group>"; };
		4A6B783C1CDCA81F0062111F /* libxml2.tbd */ = {isa = PBXFileReference; lastKnownFileType = "sourcecode.text-based-dylib-definition"; name = libxml2.tbd; path = usr/lib/libxml2.tbd; sourceTree = SDKROOT; };
		4A83CEA51D798D5C002CA71C /* RDVTabBar.h */ = {isa = PBXFileReference; fileEncoding = 4; lastKnownFileType = sourcecode.c.h; path = RDVTabBar.h; sourceTree = "<group>"; };
		4A83CEA61D798D5C002CA71C /* RDVTabBar.m */ = {isa = PBXFileReference; fileEncoding = 4; lastKnownFileType = sourcecode.c.objc; path = RDVTabBar.m; sourceTree = "<group>"; };
		4A83CEA71D798D5C002CA71C /* RDVTabBarController.h */ = {isa = PBXFileReference; fileEncoding = 4; lastKnownFileType = sourcecode.c.h; path = RDVTabBarController.h; sourceTree = "<group>"; };
		4A83CEA81D798D5C002CA71C /* RDVTabBarController.m */ = {isa = PBXFileReference; fileEncoding = 4; lastKnownFileType = sourcecode.c.objc; path = RDVTabBarController.m; sourceTree = "<group>"; };
		4A83CEA91D798D5C002CA71C /* RDVTabBarItem.h */ = {isa = PBXFileReference; fileEncoding = 4; lastKnownFileType = sourcecode.c.h; path = RDVTabBarItem.h; sourceTree = "<group>"; };
		4A83CEAA1D798D5C002CA71C /* RDVTabBarItem.m */ = {isa = PBXFileReference; fileEncoding = 4; lastKnownFileType = sourcecode.c.objc; path = RDVTabBarItem.m; sourceTree = "<group>"; };
		4A83CEAB1D798D5C002CA71C /* RDVTabBarJifItem.h */ = {isa = PBXFileReference; fileEncoding = 4; lastKnownFileType = sourcecode.c.h; path = RDVTabBarJifItem.h; sourceTree = "<group>"; };
		4A83CEAC1D798D5C002CA71C /* RDVTabBarJifItem.m */ = {isa = PBXFileReference; fileEncoding = 4; lastKnownFileType = sourcecode.c.objc; path = RDVTabBarJifItem.m; sourceTree = "<group>"; };
		4A83CEB21D7997D1002CA71C /* BaseViewController.h */ = {isa = PBXFileReference; fileEncoding = 4; lastKnownFileType = sourcecode.c.h; path = BaseViewController.h; sourceTree = "<group>"; };
		4A83CEB31D7997D1002CA71C /* BaseViewController.m */ = {isa = PBXFileReference; fileEncoding = 4; lastKnownFileType = sourcecode.c.objc; path = BaseViewController.m; sourceTree = "<group>"; };
		4A83CEB61D7998A4002CA71C /* CenterViewController.h */ = {isa = PBXFileReference; fileEncoding = 4; lastKnownFileType = sourcecode.c.h; path = CenterViewController.h; sourceTree = "<group>"; };
		4A83CEB71D7998A4002CA71C /* CenterViewController.m */ = {isa = PBXFileReference; fileEncoding = 4; lastKnownFileType = sourcecode.c.objc; path = CenterViewController.m; sourceTree = "<group>"; };
		4A91138B1CF0702900641789 /* AppDelegate.h */ = {isa = PBXFileReference; fileEncoding = 4; lastKnownFileType = sourcecode.c.h; path = AppDelegate.h; sourceTree = "<group>"; };
		4A91138C1CF0702900641789 /* AppDelegate.m */ = {isa = PBXFileReference; fileEncoding = 4; lastKnownFileType = sourcecode.c.objc; path = AppDelegate.m; sourceTree = "<group>"; };
		4A91138D1CF0702900641789 /* Assets.xcassets */ = {isa = PBXFileReference; lastKnownFileType = folder.assetcatalog; path = Assets.xcassets; sourceTree = "<group>"; };
		4A91139A1CF0702900641789 /* Base */ = {isa = PBXFileReference; lastKnownFileType = file.storyboard; name = Base; path = Base.lproj/LaunchScreen.storyboard; sourceTree = "<group>"; };
		4A91139C1CF0702900641789 /* Base */ = {isa = PBXFileReference; lastKnownFileType = file.storyboard; name = Base; path = Base.lproj/Main.storyboard; sourceTree = "<group>"; };
		4A9113F61CF0702900641789 /* Info.plist */ = {isa = PBXFileReference; fileEncoding = 4; lastKnownFileType = text.plist.xml; path = Info.plist; sourceTree = "<group>"; };
		4A9114031CF0702900641789 /* main.m */ = {isa = PBXFileReference; fileEncoding = 4; lastKnownFileType = sourcecode.c.objc; path = main.m; sourceTree = "<group>"; };
		4A9114071CF0702900641789 /* PrefixHeader.pch */ = {isa = PBXFileReference; fileEncoding = 4; lastKnownFileType = sourcecode.c.h; path = PrefixHeader.pch; sourceTree = "<group>"; };
		4AB6A33B1D58C42C00460300 /* libz.tbd */ = {isa = PBXFileReference; lastKnownFileType = "sourcecode.text-based-dylib-definition"; name = libz.tbd; path = usr/lib/libz.tbd; sourceTree = SDKROOT; };
		4AB6A33F1D58C85F00460300 /* JSPatch.framework */ = {isa = PBXFileReference; lastKnownFileType = wrapper.framework; path = JSPatch.framework; sourceTree = "<group>"; };
		4AF2B6151E05175300714667 /* NSObject+ApiServiceProtocol.h */ = {isa = PBXFileReference; fileEncoding = 4; lastKnownFileType = sourcecode.c.h; path = "NSObject+ApiServiceProtocol.h"; sourceTree = "<group>"; };
		4AF2B6161E05175300714667 /* NSObject+ApiServiceProtocol.m */ = {isa = PBXFileReference; fileEncoding = 4; lastKnownFileType = sourcecode.c.objc; path = "NSObject+ApiServiceProtocol.m"; sourceTree = "<group>"; };
		4AF2B6181E0517FF00714667 /* ObjectionProtocol.h */ = {isa = PBXFileReference; lastKnownFileType = sourcecode.c.h; path = ObjectionProtocol.h; sourceTree = "<group>"; };
		4AF2B61C1E05301300714667 /* ApiServicePassthrouth.h */ = {isa = PBXFileReference; fileEncoding = 4; lastKnownFileType = sourcecode.c.h; path = ApiServicePassthrouth.h; sourceTree = "<group>"; };
		4AF2B61D1E05301300714667 /* ApiServicePassthrouth.m */ = {isa = PBXFileReference; fileEncoding = 4; lastKnownFileType = sourcecode.c.objc; path = ApiServicePassthrouth.m; sourceTree = "<group>"; };
		4AF2B61F1E05334400714667 /* GetApiService.m */ = {isa = PBXFileReference; fileEncoding = 4; lastKnownFileType = sourcecode.c.objc; path = GetApiService.m; sourceTree = "<group>"; };
		4AF2B6201E05334400714667 /* GetApiService.h */ = {isa = PBXFileReference; fileEncoding = 4; lastKnownFileType = sourcecode.c.h; path = GetApiService.h; sourceTree = "<group>"; };
		4AF2B6221E0540C700714667 /* PostApiService.h */ = {isa = PBXFileReference; fileEncoding = 4; lastKnownFileType = sourcecode.c.h; path = PostApiService.h; sourceTree = "<group>"; };
		4AF2B6231E0540C700714667 /* PostApiService.m */ = {isa = PBXFileReference; fileEncoding = 4; lastKnownFileType = sourcecode.c.objc; path = PostApiService.m; sourceTree = "<group>"; };
		4AFC7C3B1E065E590079ECA5 /* HostFetcher.h */ = {isa = PBXFileReference; fileEncoding = 4; lastKnownFileType = sourcecode.c.h; path = HostFetcher.h; sourceTree = "<group>"; };
		4AFC7C3C1E065E590079ECA5 /* HostFetcher.m */ = {isa = PBXFileReference; fileEncoding = 4; lastKnownFileType = sourcecode.c.objc; path = HostFetcher.m; sourceTree = "<group>"; };
		A5BB4BCC5F3AA1E3D4800C87 /* Pods-SHBasePro.release.xcconfig */ = {isa = PBXFileReference; includeInIndex = 1; lastKnownFileType = text.xcconfig; name = "Pods-SHBasePro.release.xcconfig"; path = "Pods/Target Support Files/Pods-SHBasePro/Pods-SHBasePro.release.xcconfig"; sourceTree = "<group>"; };
		D36CF12ADD6542B657595C75 /* libPods-SHBasePro.a */ = {isa = PBXFileReference; explicitFileType = archive.ar; includeInIndex = 0; path = "libPods-SHBasePro.a"; sourceTree = BUILT_PRODUCTS_DIR; };
		EB8AE3F71CD36CF200B0DD29 /* 有意思.app */ = {isa = PBXFileReference; explicitFileType = wrapper.application; includeInIndex = 0; path = "有意思.app"; sourceTree = BUILT_PRODUCTS_DIR; };
/* End PBXFileReference section */

/* Begin PBXFrameworksBuildPhase section */
		EB8AE3F41CD36CF200B0DD29 /* Frameworks */ = {
			isa = PBXFrameworksBuildPhase;
			buildActionMask = 2147483647;
			files = (
				4AB6A33C1D58C42C00460300 /* libz.tbd in Frameworks */,
				4A57DDE91CF2F5D200174FC8 /* JavaScriptCore.framework in Frameworks */,
				4A3CE3871CDD953C0084E6E0 /* Security.framework in Frameworks */,
				4A3CE3851CDD95170084E6E0 /* CoreGraphics.framework in Frameworks */,
				4A3CE3831CDD950C0084E6E0 /* ImageIO.framework in Frameworks */,
				4A3CE3811CDD94FE0084E6E0 /* CoreVideo.framework in Frameworks */,
				4A3CE37F1CDD94B90084E6E0 /* libc++.tbd in Frameworks */,
				4A3CE37D1CDD94A90084E6E0 /* libc++abi.tbd in Frameworks */,
				4A09865A1D50D1C100D0802C /* Reveal.framework in Frameworks */,
				4A3CE37B1CDD94300084E6E0 /* libresolv.tbd in Frameworks */,
				4A3CE3791CDD94020084E6E0 /* CFNetwork.framework in Frameworks */,
				4A6B783D1CDCA81F0062111F /* libxml2.tbd in Frameworks */,
				4A3BE5291CDC76B0005DBC90 /* libicucore.tbd in Frameworks */,
				4A3BE5271CDC76A6005DBC90 /* libsqlite3.tbd in Frameworks */,
				4AB6A3401D58C85F00460300 /* JSPatch.framework in Frameworks */,
				4A3BE5251CDC769D005DBC90 /* AVFoundation.framework in Frameworks */,
				4A3BE5231CDC7696005DBC90 /* MobileCoreServices.framework in Frameworks */,
				4A3BE5211CDC768F005DBC90 /* AssetsLibrary.framework in Frameworks */,
				4A3BE51F1CDC7684005DBC90 /* MapKit.framework in Frameworks */,
				4A3BE51D1CDC7672005DBC90 /* CoreMedia.framework in Frameworks */,
				4A3BE51B1CDC7667005DBC90 /* CoreLocation.framework in Frameworks */,
				442951392E93E85D53CFE672 /* libPods-SHBasePro.a in Frameworks */,
			);
			runOnlyForDeploymentPostprocessing = 0;
		};
/* End PBXFrameworksBuildPhase section */

/* Begin PBXGroup section */
		040D0AEA1D5CCC9A00A178B6 /* Common */ = {
			isa = PBXGroup;
			children = (
				4A217C751E026CEF0027C82D /* CommonDefine.h */,
				4A217C761E026CEF0027C82D /* CommonHeader.h */,
				4A0D26C61D9380FD00CAB38B /* Encrypt */,
				4A655B801D7AD990007BCF39 /* NetworkManager */,
				4A83CEB11D7997B6002CA71C /* Base */,
				040D0AEB1D5CCC9A00A178B6 /* Category */,
			);
			path = Common;
			sourceTree = "<group>";
		};
		040D0AEB1D5CCC9A00A178B6 /* Category */ = {
			isa = PBXGroup;
			children = (
				4A3641A21D84187F0054F227 /* UIControl+SequenceClick.h */,
				4A3641A31D84187F0054F227 /* UIControl+SequenceClick.m */,
				040D0AEC1D5CCC9A00A178B6 /* NSAttributedString+XTAttributionSize.h */,
				040D0AED1D5CCC9A00A178B6 /* NSAttributedString+XTAttributionSize.m */,
				040D0AEE1D5CCC9A00A178B6 /* NSString+XTSize.h */,
				040D0AEF1D5CCC9A00A178B6 /* NSString+XTSize.m */,
				040D0AF01D5CCC9A00A178B6 /* UIButton+Layout.h */,
				040D0AF11D5CCC9A00A178B6 /* UIButton+Layout.m */,
				040D0AF21D5CCC9A00A178B6 /* UIColor+Tool.h */,
				040D0AF31D5CCC9A00A178B6 /* UIColor+Tool.m */,
				040D0AF41D5CCC9A00A178B6 /* UIImageView+Tool.h */,
				040D0AF51D5CCC9A00A178B6 /* UIImageView+Tool.m */,
				040D0AF61D5CCC9A00A178B6 /* UILabel+Tool.h */,
				040D0AF71D5CCC9A00A178B6 /* UILabel+Tool.m */,
				040D0AF81D5CCC9A00A178B6 /* UINavigationController+Push.h */,
				040D0AF91D5CCC9A00A178B6 /* UINavigationController+Push.m */,
				040D0AFA1D5CCC9A00A178B6 /* UIViewExt.h */,
				040D0AFB1D5CCC9A00A178B6 /* UIViewExt.m */,
				040D0AFC1D5CCC9A00A178B6 /* UIWindow+Category.h */,
				040D0AFD1D5CCC9A00A178B6 /* UIWindow+Category.m */,
			);
			name = Category;
			path = Categrory;
			sourceTree = "<group>";
		};
		040D0AFE1D5CCC9A00A178B6 /* Controller */ = {
			isa = PBXGroup;
			children = (
				4A83CEB51D799881002CA71C /* CenterViewController */,
				040D0AFF1D5CCC9A00A178B6 /* DataViewController */,
				040D0B021D5CCC9A00A178B6 /* HcdGuideView */,
				040D0B071D5CCC9A00A178B6 /* HomeViewController */,
				040D0B0A1D5CCC9A00A178B6 /* MessageViewController */,
				040D0B0D1D5CCC9A00A178B6 /* MineViewController */,
			);
			path = Controller;
			sourceTree = "<group>";
		};
		040D0AFF1D5CCC9A00A178B6 /* DataViewController */ = {
			isa = PBXGroup;
			children = (
				4A159AE31E08DEEC00549EEE /* ViewModel */,
				4A217C781E0292EF0027C82D /* DataViewControllerModule */,
				4A655B841D7ADB33007BCF39 /* DataView */,
				4A655B851D7ADB33007BCF39 /* DataModel */,
				040D0B001D5CCC9A00A178B6 /* DataViewController.h */,
				040D0B011D5CCC9A00A178B6 /* DataViewController.m */,
				4A159AE61E08E14A00549EEE /* DataViewControllerMVVM.h */,
				4A159AE51E08E14A00549EEE /* DataViewControllerMVVM.m */,
			);
			path = DataViewController;
			sourceTree = "<group>";
		};
		040D0B021D5CCC9A00A178B6 /* HcdGuideView */ = {
			isa = PBXGroup;
			children = (
				040D0B031D5CCC9A00A178B6 /* HcdGuideViewCell.h */,
				040D0B041D5CCC9A00A178B6 /* HcdGuideViewCell.m */,
				040D0B051D5CCC9A00A178B6 /* HcdGuideViewManager.h */,
				040D0B061D5CCC9A00A178B6 /* HcdGuideViewManager.m */,
			);
			path = HcdGuideView;
			sourceTree = "<group>";
		};
		040D0B071D5CCC9A00A178B6 /* HomeViewController */ = {
			isa = PBXGroup;
			children = (
				040D0B081D5CCC9A00A178B6 /* HomeViewController.h */,
				040D0B091D5CCC9A00A178B6 /* HomeViewController.m */,
			);
			path = HomeViewController;
			sourceTree = "<group>";
		};
		040D0B0A1D5CCC9A00A178B6 /* MessageViewController */ = {
			isa = PBXGroup;
			children = (
				040D0B0B1D5CCC9A00A178B6 /* MessageViewController.h */,
				040D0B0C1D5CCC9A00A178B6 /* MessageViewController.m */,
			);
			path = MessageViewController;
			sourceTree = "<group>";
		};
		040D0B0D1D5CCC9A00A178B6 /* MineViewController */ = {
			isa = PBXGroup;
			children = (
				040D0B0E1D5CCC9A00A178B6 /* MineViewController.h */,
				040D0B0F1D5CCC9A00A178B6 /* MineViewController.m */,
			);
			path = MineViewController;
			sourceTree = "<group>";
		};
		040D0B271D5CCCAE00A178B6 /* Hittest */ = {
			isa = PBXGroup;
			children = (
				040D0B281D5CCCAE00A178B6 /* HitTestView.h */,
				040D0B291D5CCCAE00A178B6 /* HitTestView.m */,
			);
			path = Hittest;
			sourceTree = "<group>";
		};
		040D0B371D5CCCAE00A178B6 /* QRCodeScaner */ = {
			isa = PBXGroup;
			children = (
				040D0B381D5CCCAE00A178B6 /* QRCodeScanViewController.h */,
				040D0B391D5CCCAE00A178B6 /* QRCodeScanViewController.m */,
			);
			path = QRCodeScaner;
			sourceTree = "<group>";
		};
		040D0B441D5CCCAE00A178B6 /* VRSourceView */ = {
			isa = PBXGroup;
			children = (
				040D0B451D5CCCAE00A178B6 /* VRSourceViewController.h */,
				040D0B461D5CCCAE00A178B6 /* VRSourceViewController.m */,
			);
			path = VRSourceView;
			sourceTree = "<group>";
		};
		040D0B471D5CCCAE00A178B6 /* XMLDictionary */ = {
			isa = PBXGroup;
			children = (
				040D0B481D5CCCAE00A178B6 /* XMLDictionary.h */,
				040D0B491D5CCCAE00A178B6 /* XMLDictionary.m */,
			);
			path = XMLDictionary;
			sourceTree = "<group>";
		};
		4A0D26C61D9380FD00CAB38B /* Encrypt */ = {
			isa = PBXGroup;
			children = (
				4A0D26C71D9380FD00CAB38B /* AES */,
				4A0D26D01D9380FD00CAB38B /* MD5 */,
				4A0D26D31D9380FD00CAB38B /* RSA */,
			);
			path = Encrypt;
			sourceTree = "<group>";
		};
		4A0D26C71D9380FD00CAB38B /* AES */ = {
			isa = PBXGroup;
			children = (
				4A0D26C81D9380FD00CAB38B /* AES.h */,
				4A0D26C91D9380FD00CAB38B /* AES.m */,
				4A0D26CA1D9380FD00CAB38B /* NSData+Base64.h */,
				4A0D26CB1D9380FD00CAB38B /* NSData+Base64.m */,
				4A0D26CC1D9380FD00CAB38B /* NSData+CommonCrypto.h */,
				4A0D26CD1D9380FD00CAB38B /* NSData+CommonCrypto.m */,
				4A0D26CE1D9380FD00CAB38B /* NSString+Base64.h */,
				4A0D26CF1D9380FD00CAB38B /* NSString+Base64.m */,
			);
			path = AES;
			sourceTree = "<group>";
		};
		4A0D26D01D9380FD00CAB38B /* MD5 */ = {
			isa = PBXGroup;
			children = (
				4A0D26D11D9380FD00CAB38B /* MD5.h */,
				4A0D26D21D9380FD00CAB38B /* MD5.m */,
			);
			path = MD5;
			sourceTree = "<group>";
		};
		4A0D26D31D9380FD00CAB38B /* RSA */ = {
			isa = PBXGroup;
			children = (
				4A0D26D41D9380FD00CAB38B /* Base64.h */,
				4A0D26D51D9380FD00CAB38B /* Base64.m */,
				4A0D26D61D9380FD00CAB38B /* RSA.h */,
				4A0D26D71D9380FD00CAB38B /* RSA.m */,
			);
			path = RSA;
			sourceTree = "<group>";
		};
		4A159AE31E08DEEC00549EEE /* ViewModel */ = {
			isa = PBXGroup;
			children = (
				4A159AE41E08DF2500549EEE /* PresentableProtocol.h */,
				4A159AEB1E08F1C000549EEE /* PresentableViewModel.h */,
				4A159AEC1E08F1C000549EEE /* PresentableViewModel.m */,
			);
			path = ViewModel;
			sourceTree = "<group>";
		};
		4A217C781E0292EF0027C82D /* DataViewControllerModule */ = {
			isa = PBXGroup;
			children = (
				4A217C791E02930B0027C82D /* DataViewControllerModule.h */,
				4A217C7A1E02930B0027C82D /* DataViewControllerModule.m */,
			);
			path = DataViewControllerModule;
			sourceTree = "<group>";
		};
		4A47FD1C1E040D480099811E /* Protocol */ = {
			isa = PBXGroup;
			children = (
				4A47FD1D1E040D550099811E /* Protocol.h */,
				4A159AF21E0928D000549EEE /* NavigationPresenterProtocol.h */,
			);
			path = Protocol;
			sourceTree = "<group>";
		};
		4A57DDEA1CF2F66F00174FC8 /* Lib */ = {
			isa = PBXGroup;
			children = (
				4A83CEA41D798D5C002CA71C /* RDVTabBarController */,
				4A57DDEB1CF2F66F00174FC8 /* UIWebView+TS_JAVAScriptContent */,
			);
			path = Lib;
			sourceTree = "<group>";
		};
		4A57DDEB1CF2F66F00174FC8 /* UIWebView+TS_JAVAScriptContent */ = {
			isa = PBXGroup;
			children = (
				4A57DDEC1CF2F66F00174FC8 /* UIWebView+TS_JavaScriptContext.h */,
				4A57DDED1CF2F66F00174FC8 /* UIWebView+TS_JavaScriptContext.m */,
			);
			path = "UIWebView+TS_JAVAScriptContent";
			sourceTree = "<group>";
		};
		4A655B801D7AD990007BCF39 /* NetworkManager */ = {
			isa = PBXGroup;
			children = (
				4A655B811D7AD990007BCF39 /* HttpManager.h */,
				4A655B821D7AD990007BCF39 /* HttpManager.m */,
			);
			path = NetworkManager;
			sourceTree = "<group>";
		};
		4A655B841D7ADB33007BCF39 /* DataView */ = {
			isa = PBXGroup;
			children = (
				4A159AE91E08EFCA00549EEE /* DataCellMvvm.h */,
				4A159AE81E08EFCA00549EEE /* DataCellMvvm.m */,
				4A217C731E026B500027C82D /* DataCell.h */,
				4A217C721E026B500027C82D /* DataCell.m */,
			);
			path = DataView;
			sourceTree = "<group>";
		};
		4A655B851D7ADB33007BCF39 /* DataModel */ = {
			isa = PBXGroup;
			children = (
				4A655B861D7ADB59007BCF39 /* MovieModel.h */,
				4A655B871D7ADB59007BCF39 /* MovieModel.m */,
			);
			path = DataModel;
			sourceTree = "<group>";
		};
		4A655B891D7ADE7F007BCF39 /* NetworkRequest */ = {
			isa = PBXGroup;
			children = (
				4A655B8A1D7ADE7F007BCF39 /* DataModelRequest */,
			);
			path = NetworkRequest;
			sourceTree = "<group>";
		};
		4A655B8A1D7ADE7F007BCF39 /* DataModelRequest */ = {
			isa = PBXGroup;
			children = (
				4A655B8B1D7ADF09007BCF39 /* DataModelRequest.h */,
				4A655B8C1D7ADF09007BCF39 /* DataModelRequest.m */,
			);
			path = DataModelRequest;
			sourceTree = "<group>";
		};
		4A83CEA41D798D5C002CA71C /* RDVTabBarController */ = {
			isa = PBXGroup;
			children = (
				4A83CEA51D798D5C002CA71C /* RDVTabBar.h */,
				4A83CEA61D798D5C002CA71C /* RDVTabBar.m */,
				4A83CEA71D798D5C002CA71C /* RDVTabBarController.h */,
				4A83CEA81D798D5C002CA71C /* RDVTabBarController.m */,
				4A83CEA91D798D5C002CA71C /* RDVTabBarItem.h */,
				4A83CEAA1D798D5C002CA71C /* RDVTabBarItem.m */,
				4A83CEAB1D798D5C002CA71C /* RDVTabBarJifItem.h */,
				4A83CEAC1D798D5C002CA71C /* RDVTabBarJifItem.m */,
			);
			path = RDVTabBarController;
			sourceTree = "<group>";
		};
		4A83CEB11D7997B6002CA71C /* Base */ = {
			isa = PBXGroup;
			children = (
				4A83CEB21D7997D1002CA71C /* BaseViewController.h */,
				4A83CEB31D7997D1002CA71C /* BaseViewController.m */,
				4A159AF31E0930ED00549EEE /* NavigationPresenter.h */,
				4A159AF41E0930ED00549EEE /* NavigationPresenter.m */,
			);
			path = Base;
			sourceTree = "<group>";
		};
		4A83CEB51D799881002CA71C /* CenterViewController */ = {
			isa = PBXGroup;
			children = (
				4A83CEB61D7998A4002CA71C /* CenterViewController.h */,
				4A83CEB71D7998A4002CA71C /* CenterViewController.m */,
			);
			path = CenterViewController;
			sourceTree = "<group>";
		};
		4A91138A1CF0702900641789 /* SHBasePro */ = {
			isa = PBXGroup;
			children = (
				4A47FD1C1E040D480099811E /* Protocol */,
				4A655B891D7ADE7F007BCF39 /* NetworkRequest */,
				040D0AEA1D5CCC9A00A178B6 /* Common */,
				040D0AFE1D5CCC9A00A178B6 /* Controller */,
				4AB6A3C31D5C2D3D00460300 /* TestCode */,
				4A57DDEA1CF2F66F00174FC8 /* Lib */,
				4A0D26DF1D94D3D700CAB38B /* AppHelper.h */,
				4A0D26E01D94D3D700CAB38B /* AppHelper.m */,
				4A91138B1CF0702900641789 /* AppDelegate.h */,
				4A91138C1CF0702900641789 /* AppDelegate.m */,
				4A91138D1CF0702900641789 /* Assets.xcassets */,
				4A9113991CF0702900641789 /* LaunchScreen.storyboard */,
				4A91139B1CF0702900641789 /* Main.storyboard */,
				4A9113F61CF0702900641789 /* Info.plist */,
				4A9114031CF0702900641789 /* main.m */,
				4A9114071CF0702900641789 /* PrefixHeader.pch */,
			);
			path = SHBasePro;
			sourceTree = "<group>";
		};
		4AB6A3C31D5C2D3D00460300 /* TestCode */ = {
			isa = PBXGroup;
			children = (
				4AF2B6111E0514D300714667 /* Objection */,
				040D0B1F1D5CCCAE00A178B6 /* BondRechargeViewController.h */,
				040D0B201D5CCCAE00A178B6 /* BondRechargeViewController.m */,
				040D0B211D5CCCAE00A178B6 /* ContactMethodAlertView.h */,
				040D0B221D5CCCAE00A178B6 /* ContactMethodAlertView.m */,
				040D0B231D5CCCAE00A178B6 /* HFTReceivablesView.h */,
				040D0B241D5CCCAE00A178B6 /* HFTReceivablesView.m */,
				040D0B251D5CCCAE00A178B6 /* HFTSettlementView.h */,
				040D0B261D5CCCAE00A178B6 /* HFTSettlementView.m */,
				040D0B271D5CCCAE00A178B6 /* Hittest */,
				040D0B2A1D5CCCAE00A178B6 /* IMSendhouseTips.h */,
				040D0B2B1D5CCCAE00A178B6 /* IMSendhouseTips.m */,
				040D0B2E1D5CCCAE00A178B6 /* JsonBaseModel.h */,
				040D0B2F1D5CCCAE00A178B6 /* JsonBaseModel.m */,
				040D0B311D5CCCAE00A178B6 /* main.js */,
				040D0B321D5CCCAE00A178B6 /* NSSHTest.h */,
				040D0B331D5CCCAE00A178B6 /* NSSHTest.m */,
				040D0B341D5CCCAE00A178B6 /* PhoneVerificationView.h */,
				040D0B351D5CCCAE00A178B6 /* PhoneVerificationView.m */,
				040D0B361D5CCCAE00A178B6 /* PhoneVerificationView.xib */,
				040D0B371D5CCCAE00A178B6 /* QRCodeScaner */,
				040D0B3A1D5CCCAE00A178B6 /* SosoDetailInfoViewController.storyboard */,
				040D0B3B1D5CCCAE00A178B6 /* TestViewController.h */,
				040D0B3C1D5CCCAE00A178B6 /* TestViewController.m */,
				040D0B3D1D5CCCAE00A178B6 /* truehouse_agreement.html */,
				040D0B3E1D5CCCAE00A178B6 /* TrueHouseDepositsView.h */,
				040D0B3F1D5CCCAE00A178B6 /* TrueHouseDepositsView.m */,
				040D0B401D5CCCAE00A178B6 /* TrueHouseRuleController.h */,
				040D0B411D5CCCAE00A178B6 /* TrueHouseRuleController.m */,
				040D0B441D5CCCAE00A178B6 /* VRSourceView */,
				040D0B471D5CCCAE00A178B6 /* XMLDictionary */,
				4A4D9B341D7D5F6C00D10CD4 /* MongoliaView.h */,
				4A4D9B351D7D5F6C00D10CD4 /* MongoliaView.m */,
				4A159AF61E09410200549EEE /* UIImage+SkinnedImagePrivate.h */,
				4A159AF71E09410200549EEE /* UIImage+SkinnedImagePrivate.m */,
			);
			path = TestCode;
			sourceTree = "<group>";
		};
		4AF2B6111E0514D300714667 /* Objection */ = {
			isa = PBXGroup;
			children = (
				4AF2B6201E05334400714667 /* GetApiService.h */,
				4AF2B61F1E05334400714667 /* GetApiService.m */,
				4AF2B6221E0540C700714667 /* PostApiService.h */,
				4AF2B6231E0540C700714667 /* PostApiService.m */,
				4AF2B6151E05175300714667 /* NSObject+ApiServiceProtocol.h */,
				4AF2B6161E05175300714667 /* NSObject+ApiServiceProtocol.m */,
				4AF2B6181E0517FF00714667 /* ObjectionProtocol.h */,
				4AF2B61C1E05301300714667 /* ApiServicePassthrouth.h */,
				4AF2B61D1E05301300714667 /* ApiServicePassthrouth.m */,
				4AFC7C3B1E065E590079ECA5 /* HostFetcher.h */,
				4AFC7C3C1E065E590079ECA5 /* HostFetcher.m */,
			);
			path = Objection;
			sourceTree = "<group>";
		};
		746F532D732D7AA210F6AA29 /* Pods */ = {
			isa = PBXGroup;
			children = (
				4339DAF5961A41AD0BD8F36C /* Pods-SHBasePro.debug.xcconfig */,
				A5BB4BCC5F3AA1E3D4800C87 /* Pods-SHBasePro.release.xcconfig */,
			);
			name = Pods;
			sourceTree = "<group>";
		};
		8511C120A58AE682EA956E94 /* Frameworks */ = {
			isa = PBXGroup;
			children = (
				4AB6A33F1D58C85F00460300 /* JSPatch.framework */,
				4AB6A33B1D58C42C00460300 /* libz.tbd */,
				4A0986591D50D1C100D0802C /* Reveal.framework */,
				4A57DDE81CF2F5D200174FC8 /* JavaScriptCore.framework */,
				4A3CE3861CDD953C0084E6E0 /* Security.framework */,
				4A3CE3841CDD95170084E6E0 /* CoreGraphics.framework */,
				4A3CE3821CDD950C0084E6E0 /* ImageIO.framework */,
				4A3CE3801CDD94FE0084E6E0 /* CoreVideo.framework */,
				4A3CE37E1CDD94B90084E6E0 /* libc++.tbd */,
				4A3CE37C1CDD94A90084E6E0 /* libc++abi.tbd */,
				4A3CE37A1CDD94300084E6E0 /* libresolv.tbd */,
				4A3CE3781CDD94020084E6E0 /* CFNetwork.framework */,
				4A6B783C1CDCA81F0062111F /* libxml2.tbd */,
				4A3BE5281CDC76B0005DBC90 /* libicucore.tbd */,
				4A3BE5261CDC76A6005DBC90 /* libsqlite3.tbd */,
				4A3BE5241CDC769D005DBC90 /* AVFoundation.framework */,
				4A3BE5221CDC7696005DBC90 /* MobileCoreServices.framework */,
				4A3BE5201CDC768F005DBC90 /* AssetsLibrary.framework */,
				4A3BE51E1CDC7684005DBC90 /* MapKit.framework */,
				4A3BE51C1CDC7672005DBC90 /* CoreMedia.framework */,
				4A3BE51A1CDC7667005DBC90 /* CoreLocation.framework */,
				D36CF12ADD6542B657595C75 /* libPods-SHBasePro.a */,
			);
			name = Frameworks;
			sourceTree = "<group>";
		};
		EB8AE3EE1CD36CF100B0DD29 = {
			isa = PBXGroup;
			children = (
				4A91138A1CF0702900641789 /* SHBasePro */,
				EB8AE3F81CD36CF200B0DD29 /* Products */,
				8511C120A58AE682EA956E94 /* Frameworks */,
				746F532D732D7AA210F6AA29 /* Pods */,
			);
			sourceTree = "<group>";
		};
		EB8AE3F81CD36CF200B0DD29 /* Products */ = {
			isa = PBXGroup;
			children = (
				EB8AE3F71CD36CF200B0DD29 /* 有意思.app */,
			);
			name = Products;
			sourceTree = "<group>";
		};
/* End PBXGroup section */

/* Begin PBXNativeTarget section */
		EB8AE3F61CD36CF200B0DD29 /* SHBasePro */ = {
			isa = PBXNativeTarget;
			buildConfigurationList = EB8AE40E1CD36CF200B0DD29 /* Build configuration list for PBXNativeTarget "SHBasePro" */;
			buildPhases = (
				6B850702798144DB372C4784 /* [CP] Check Pods Manifest.lock */,
				EB8AE3F31CD36CF200B0DD29 /* Sources */,
				EB8AE3F41CD36CF200B0DD29 /* Frameworks */,
				EB8AE3F51CD36CF200B0DD29 /* Resources */,
				1EA4826660F028F4919D3BA2 /* [CP] Embed Pods Frameworks */,
				DBF455A8A57C4C4D6BE640D3 /* [CP] Copy Pods Resources */,
			);
			buildRules = (
			);
			dependencies = (
			);
			name = SHBasePro;
			productName = NetWork;
			productReference = EB8AE3F71CD36CF200B0DD29 /* 有意思.app */;
			productType = "com.apple.product-type.application";
		};
/* End PBXNativeTarget section */

/* Begin PBXProject section */
		EB8AE3EF1CD36CF200B0DD29 /* Project object */ = {
			isa = PBXProject;
			attributes = {
				LastUpgradeCheck = 0720;
				ORGANIZATIONNAME = ren;
				TargetAttributes = {
					EB8AE3F61CD36CF200B0DD29 = {
						CreatedOnToolsVersion = 7.2;
						DevelopmentTeam = E9S2492CT8;
					};
				};
			};
			buildConfigurationList = EB8AE3F21CD36CF200B0DD29 /* Build configuration list for PBXProject "SHBasePro" */;
			compatibilityVersion = "Xcode 3.2";
			developmentRegion = English;
			hasScannedForEncodings = 0;
			knownRegions = (
				en,
				Base,
			);
			mainGroup = EB8AE3EE1CD36CF100B0DD29;
			productRefGroup = EB8AE3F81CD36CF200B0DD29 /* Products */;
			projectDirPath = "";
			projectRoot = "";
			targets = (
				EB8AE3F61CD36CF200B0DD29 /* SHBasePro */,
			);
		};
/* End PBXProject section */

/* Begin PBXResourcesBuildPhase section */
		EB8AE3F51CD36CF200B0DD29 /* Resources */ = {
			isa = PBXResourcesBuildPhase;
			buildActionMask = 2147483647;
			files = (
				4A91143C1CF0702900641789 /* Main.storyboard in Resources */,
				4A9114351CF0702900641789 /* Assets.xcassets in Resources */,
				4A91143B1CF0702900641789 /* LaunchScreen.storyboard in Resources */,
				040D0B581D5CCCAE00A178B6 /* SosoDetailInfoViewController.storyboard in Resources */,
				4A9114561CF0702900641789 /* Info.plist in Resources */,
				040D0B561D5CCCAE00A178B6 /* PhoneVerificationView.xib in Resources */,
				040D0B5A1D5CCCAE00A178B6 /* truehouse_agreement.html in Resources */,
				040D0B531D5CCCAE00A178B6 /* main.js in Resources */,
			);
			runOnlyForDeploymentPostprocessing = 0;
		};
/* End PBXResourcesBuildPhase section */

/* Begin PBXShellScriptBuildPhase section */
		1EA4826660F028F4919D3BA2 /* [CP] Embed Pods Frameworks */ = {
			isa = PBXShellScriptBuildPhase;
			buildActionMask = 2147483647;
			files = (
			);
			inputPaths = (
			);
			name = "[CP] Embed Pods Frameworks";
			outputPaths = (
			);
			runOnlyForDeploymentPostprocessing = 0;
			shellPath = /bin/sh;
			shellScript = "\"${SRCROOT}/Pods/Target Support Files/Pods-SHBasePro/Pods-SHBasePro-frameworks.sh\"\n";
			showEnvVarsInLog = 0;
		};
		6B850702798144DB372C4784 /* [CP] Check Pods Manifest.lock */ = {
			isa = PBXShellScriptBuildPhase;
			buildActionMask = 2147483647;
			files = (
			);
			inputPaths = (
			);
			name = "[CP] Check Pods Manifest.lock";
			outputPaths = (
			);
			runOnlyForDeploymentPostprocessing = 0;
			shellPath = /bin/sh;
			shellScript = "diff \"${PODS_ROOT}/../Podfile.lock\" \"${PODS_ROOT}/Manifest.lock\" > /dev/null\nif [[ $? != 0 ]] ; then\n    cat << EOM\nerror: The sandbox is not in sync with the Podfile.lock. Run 'pod install' or update your CocoaPods installation.\nEOM\n    exit 1\nfi\n";
			showEnvVarsInLog = 0;
		};
		DBF455A8A57C4C4D6BE640D3 /* [CP] Copy Pods Resources */ = {
			isa = PBXShellScriptBuildPhase;
			buildActionMask = 2147483647;
			files = (
			);
			inputPaths = (
			);
			name = "[CP] Copy Pods Resources";
			outputPaths = (
			);
			runOnlyForDeploymentPostprocessing = 0;
			shellPath = /bin/sh;
			shellScript = "\"${SRCROOT}/Pods/Target Support Files/Pods-SHBasePro/Pods-SHBasePro-resources.sh\"\n";
			showEnvVarsInLog = 0;
		};
/* End PBXShellScriptBuildPhase section */

/* Begin PBXSourcesBuildPhase section */
		EB8AE3F31CD36CF200B0DD29 /* Sources */ = {
			isa = PBXSourcesBuildPhase;
			buildActionMask = 2147483647;
			files = (
				4AF2B6171E05175300714667 /* NSObject+ApiServiceProtocol.m in Sources */,
				4A159AF51E0930ED00549EEE /* NavigationPresenter.m in Sources */,
				040D0B171D5CCC9A00A178B6 /* UIViewExt.m in Sources */,
				040D0B181D5CCC9A00A178B6 /* UIWindow+Category.m in Sources */,
				040D0B4F1D5CCCAE00A178B6 /* IMSendhouseTips.m in Sources */,
				040D0B151D5CCC9A00A178B6 /* UILabel+Tool.m in Sources */,
				4A57DDEE1CF2F66F00174FC8 /* UIWebView+TS_JavaScriptContext.m in Sources */,
				4A159AE71E08E14A00549EEE /* DataViewControllerMVVM.m in Sources */,
				040D0B4E1D5CCCAE00A178B6 /* HitTestView.m in Sources */,
				040D0B121D5CCC9A00A178B6 /* UIButton+Layout.m in Sources */,
				040D0B1D1D5CCC9A00A178B6 /* MessageViewController.m in Sources */,
				4A83CEB81D7998A4002CA71C /* CenterViewController.m in Sources */,
				040D0B551D5CCCAE00A178B6 /* PhoneVerificationView.m in Sources */,
				040D0B161D5CCC9A00A178B6 /* UINavigationController+Push.m in Sources */,
				040D0B591D5CCCAE00A178B6 /* TestViewController.m in Sources */,
				4A159AEA1E08EFCA00549EEE /* DataCellMvvm.m in Sources */,
				040D0B1A1D5CCC9A00A178B6 /* HcdGuideViewCell.m in Sources */,
				4A9114341CF0702900641789 /* AppDelegate.m in Sources */,
				4A217C7B1E02930B0027C82D /* DataViewControllerModule.m in Sources */,
				040D0B511D5CCCAE00A178B6 /* JsonBaseModel.m in Sources */,
				4A0D26D81D9380FD00CAB38B /* AES.m in Sources */,
				040D0B191D5CCC9A00A178B6 /* DataViewController.m in Sources */,
				040D0B141D5CCC9A00A178B6 /* UIImageView+Tool.m in Sources */,
				4A83CEB01D798D5C002CA71C /* RDVTabBarJifItem.m in Sources */,
				4A83CEAE1D798D5C002CA71C /* RDVTabBarController.m in Sources */,
				040D0B1B1D5CCC9A00A178B6 /* HcdGuideViewManager.m in Sources */,
				4A83CEB41D7997D1002CA71C /* BaseViewController.m in Sources */,
				4A217C741E026B500027C82D /* DataCell.m in Sources */,
				4A3641A41D84187F0054F227 /* UIControl+SequenceClick.m in Sources */,
				4A91145D1CF0702900641789 /* main.m in Sources */,
				040D0B1E1D5CCC9A00A178B6 /* MineViewController.m in Sources */,
				4AF2B6211E05334400714667 /* GetApiService.m in Sources */,
				040D0B541D5CCCAE00A178B6 /* NSSHTest.m in Sources */,
				4A83CEAD1D798D5C002CA71C /* RDVTabBar.m in Sources */,
				4A655B8D1D7ADF09007BCF39 /* DataModelRequest.m in Sources */,
				4A0D26DA1D9380FD00CAB38B /* NSData+CommonCrypto.m in Sources */,
				040D0B4C1D5CCCAE00A178B6 /* HFTReceivablesView.m in Sources */,
				040D0B5F1D5CCCAE00A178B6 /* XMLDictionary.m in Sources */,
				040D0B111D5CCC9A00A178B6 /* NSString+XTSize.m in Sources */,
				4A655B881D7ADB59007BCF39 /* MovieModel.m in Sources */,
				040D0B4A1D5CCCAE00A178B6 /* BondRechargeViewController.m in Sources */,
				040D0B5C1D5CCCAE00A178B6 /* TrueHouseRuleController.m in Sources */,
				040D0B101D5CCC9A00A178B6 /* NSAttributedString+XTAttributionSize.m in Sources */,
				4A0D26DD1D9380FD00CAB38B /* Base64.m in Sources */,
				4A0D26DB1D9380FD00CAB38B /* NSString+Base64.m in Sources */,
				040D0B5B1D5CCCAE00A178B6 /* TrueHouseDepositsView.m in Sources */,
				4A159AF81E09410200549EEE /* UIImage+SkinnedImagePrivate.m in Sources */,
				4AFC7C3D1E065E590079ECA5 /* HostFetcher.m in Sources */,
				4A83CEAF1D798D5C002CA71C /* RDVTabBarItem.m in Sources */,
				040D0B4B1D5CCCAE00A178B6 /* ContactMethodAlertView.m in Sources */,
				4A4D9B361D7D5F6C00D10CD4 /* MongoliaView.m in Sources */,
				040D0B1C1D5CCC9A00A178B6 /* HomeViewController.m in Sources */,
				4A159AED1E08F1C000549EEE /* PresentableViewModel.m in Sources */,
				4A655B831D7AD990007BCF39 /* HttpManager.m in Sources */,
				4A0D26D91D9380FD00CAB38B /* NSData+Base64.m in Sources */,
				4A0D26DC1D9380FD00CAB38B /* MD5.m in Sources */,
				040D0B4D1D5CCCAE00A178B6 /* HFTSettlementView.m in Sources */,
				040D0B131D5CCC9A00A178B6 /* UIColor+Tool.m in Sources */,
				4A0D26DE1D9380FD00CAB38B /* RSA.m in Sources */,
				4AF2B61E1E05301300714667 /* ApiServicePassthrouth.m in Sources */,
				4AF2B6241E0540C700714667 /* PostApiService.m in Sources */,
				040D0B571D5CCCAE00A178B6 /* QRCodeScanViewController.m in Sources */,
				040D0B5E1D5CCCAE00A178B6 /* VRSourceViewController.m in Sources */,
				4A0D26E11D94D3D700CAB38B /* AppHelper.m in Sources */,
			);
			runOnlyForDeploymentPostprocessing = 0;
		};
/* End PBXSourcesBuildPhase section */

/* Begin PBXVariantGroup section */
		4A9113991CF0702900641789 /* LaunchScreen.storyboard */ = {
			isa = PBXVariantGroup;
			children = (
				4A91139A1CF0702900641789 /* Base */,
			);
			name = LaunchScreen.storyboard;
			sourceTree = "<group>";
		};
		4A91139B1CF0702900641789 /* Main.storyboard */ = {
			isa = PBXVariantGroup;
			children = (
				4A91139C1CF0702900641789 /* Base */,
			);
			name = Main.storyboard;
			sourceTree = "<group>";
		};
/* End PBXVariantGroup section */

/* Begin XCBuildConfiguration section */
		EB8AE40C1CD36CF200B0DD29 /* Debug */ = {
			isa = XCBuildConfiguration;
			buildSettings = {
				ALWAYS_SEARCH_USER_PATHS = NO;
				CLANG_CXX_LANGUAGE_STANDARD = "gnu++0x";
				CLANG_CXX_LIBRARY = "libc++";
				CLANG_ENABLE_MODULES = YES;
				CLANG_ENABLE_OBJC_ARC = YES;
				CLANG_WARN_BOOL_CONVERSION = YES;
				CLANG_WARN_CONSTANT_CONVERSION = YES;
				CLANG_WARN_DIRECT_OBJC_ISA_USAGE = YES_ERROR;
				CLANG_WARN_EMPTY_BODY = YES;
				CLANG_WARN_ENUM_CONVERSION = YES;
				CLANG_WARN_INT_CONVERSION = YES;
				CLANG_WARN_OBJC_ROOT_CLASS = YES_ERROR;
				CLANG_WARN_UNREACHABLE_CODE = YES;
				CLANG_WARN__DUPLICATE_METHOD_MATCH = YES;
				CODE_SIGN_IDENTITY = "iPhone Developer: Meng Li (RZZ58Q6X9C)";
				"CODE_SIGN_IDENTITY[sdk=iphoneos*]" = "iPhone Developer: Meng Li (RZZ58Q6X9C)";
				COPY_PHASE_STRIP = NO;
				DEBUG_INFORMATION_FORMAT = dwarf;
				ENABLE_STRICT_OBJC_MSGSEND = YES;
				ENABLE_TESTABILITY = YES;
				GCC_C_LANGUAGE_STANDARD = gnu99;
				GCC_DYNAMIC_NO_PIC = NO;
				GCC_NO_COMMON_BLOCKS = YES;
				GCC_OPTIMIZATION_LEVEL = 0;
				GCC_PREPROCESSOR_DEFINITIONS = (
					"DEBUG=1",
					"$(inherited)",
				);
				GCC_SYMBOLS_PRIVATE_EXTERN = NO;
				GCC_WARN_64_TO_32_BIT_CONVERSION = YES;
				GCC_WARN_ABOUT_RETURN_TYPE = YES_ERROR;
				GCC_WARN_UNDECLARED_SELECTOR = YES;
				GCC_WARN_UNINITIALIZED_AUTOS = YES_AGGRESSIVE;
				GCC_WARN_UNUSED_FUNCTION = YES;
				GCC_WARN_UNUSED_VARIABLE = YES;
				IPHONEOS_DEPLOYMENT_TARGET = 9.2;
				MTL_ENABLE_DEBUG_INFO = YES;
				ONLY_ACTIVE_ARCH = YES;
				PROVISIONING_PROFILE = "8d71eea1-d70f-4a54-9554-d8d58c805830";
				SDKROOT = iphoneos;
			};
			name = Debug;
		};
		EB8AE40D1CD36CF200B0DD29 /* Release */ = {
			isa = XCBuildConfiguration;
			buildSettings = {
				ALWAYS_SEARCH_USER_PATHS = NO;
				CLANG_CXX_LANGUAGE_STANDARD = "gnu++0x";
				CLANG_CXX_LIBRARY = "libc++";
				CLANG_ENABLE_MODULES = YES;
				CLANG_ENABLE_OBJC_ARC = YES;
				CLANG_WARN_BOOL_CONVERSION = YES;
				CLANG_WARN_CONSTANT_CONVERSION = YES;
				CLANG_WARN_DIRECT_OBJC_ISA_USAGE = YES_ERROR;
				CLANG_WARN_EMPTY_BODY = YES;
				CLANG_WARN_ENUM_CONVERSION = YES;
				CLANG_WARN_INT_CONVERSION = YES;
				CLANG_WARN_OBJC_ROOT_CLASS = YES_ERROR;
				CLANG_WARN_UNREACHABLE_CODE = YES;
				CLANG_WARN__DUPLICATE_METHOD_MATCH = YES;
				CODE_SIGN_IDENTITY = "iPhone Developer: Meng Li (RZZ58Q6X9C)";
				"CODE_SIGN_IDENTITY[sdk=iphoneos*]" = "iPhone Developer: Meng Li (RZZ58Q6X9C)";
				COPY_PHASE_STRIP = NO;
				DEBUG_INFORMATION_FORMAT = "dwarf-with-dsym";
				ENABLE_NS_ASSERTIONS = NO;
				ENABLE_STRICT_OBJC_MSGSEND = YES;
				GCC_C_LANGUAGE_STANDARD = gnu99;
				GCC_NO_COMMON_BLOCKS = YES;
				GCC_WARN_64_TO_32_BIT_CONVERSION = YES;
				GCC_WARN_ABOUT_RETURN_TYPE = YES_ERROR;
				GCC_WARN_UNDECLARED_SELECTOR = YES;
				GCC_WARN_UNINITIALIZED_AUTOS = YES_AGGRESSIVE;
				GCC_WARN_UNUSED_FUNCTION = YES;
				GCC_WARN_UNUSED_VARIABLE = YES;
				IPHONEOS_DEPLOYMENT_TARGET = 9.2;
				MTL_ENABLE_DEBUG_INFO = NO;
				PROVISIONING_PROFILE = "8d71eea1-d70f-4a54-9554-d8d58c805830";
				SDKROOT = iphoneos;
				VALIDATE_PRODUCT = YES;
			};
			name = Release;
		};
		EB8AE40F1CD36CF200B0DD29 /* Debug */ = {
			isa = XCBuildConfiguration;
			baseConfigurationReference = 4339DAF5961A41AD0BD8F36C /* Pods-SHBasePro.debug.xcconfig */;
			buildSettings = {
				ASSETCATALOG_COMPILER_APPICON_NAME = AppIcon;
				ASSETCATALOG_COMPILER_LAUNCHIMAGE_NAME = "Brand Assets";
				CODE_SIGN_IDENTITY = "iPhone Developer";
				"CODE_SIGN_IDENTITY[sdk=iphoneos*]" = "iPhone Developer: Meng Li (RZZ58Q6X9C)";
				DEBUG_INFORMATION_FORMAT = "dwarf-with-dsym";
				ENABLE_BITCODE = NO;
				FRAMEWORK_SEARCH_PATHS = (
					"$(inherited)",
					"$(PROJECT_DIR)",
				);
				GCC_INCREASE_PRECOMPILED_HEADER_SHARING = YES;
				GCC_PRECOMPILE_PREFIX_HEADER = YES;
				GCC_PREFIX_HEADER = "$(PROJECT_DIR)/SHBasePro/PrefixHeader.pch";
				HEADER_SEARCH_PATHS = (
					"$(inherited)",
					"\"${PODS_ROOT}/Headers/Public\"",
					"\"${PODS_ROOT}/Headers/Public/AFNetworking\"",
					"\"${PODS_ROOT}/Headers/Public/MBProgressHUD\"",
					/usr/include/libxml2,
					"$(PROJECT_DIR)/**",
				);
				INFOPLIST_FILE = SHBasePro/Info.plist;
				IPHONEOS_DEPLOYMENT_TARGET = 7.0;
				LD_RUNPATH_SEARCH_PATHS = "$(inherited) @executable_path/Frameworks";
				LIBRARY_SEARCH_PATHS = (
					"$(inherited)",
					"$(PROJECT_DIR)/SHBasePro",
					"$(PROJECT_DIR)/SHBasePro/Lib/QRCode/ZBarSDK",
				);
				OTHER_LDFLAGS = (
					"$(inherited)",
					"-ObjC",
					"-l\"AFNetworking\"",
					"-l\"MBProgressHUD\"",
					"-framework",
					"\"CoreGraphics\"",
					"-framework",
					"\"MobileCoreServices\"",
					"-framework",
					"\"Security\"",
					"-framework",
					"\"SystemConfiguration\"",
					"-ObjC",
					"-lz",
					"-framework",
					Reveal,
				);
				PRODUCT_BUNDLE_IDENTIFIER = com.haofangtong.didihaofang;
				PRODUCT_NAME = "有意思";
				PROVISIONING_PROFILE = "8d71eea1-d70f-4a54-9554-d8d58c805830";
			};
			name = Debug;
		};
		EB8AE4101CD36CF200B0DD29 /* Release */ = {
			isa = XCBuildConfiguration;
			baseConfigurationReference = A5BB4BCC5F3AA1E3D4800C87 /* Pods-SHBasePro.release.xcconfig */;
			buildSettings = {
				ASSETCATALOG_COMPILER_APPICON_NAME = AppIcon;
				ASSETCATALOG_COMPILER_LAUNCHIMAGE_NAME = "Brand Assets";
				CODE_SIGN_IDENTITY = "iPhone Developer";
				"CODE_SIGN_IDENTITY[sdk=iphoneos*]" = "iPhone Developer: Meng Li (RZZ58Q6X9C)";
				DEBUG_INFORMATION_FORMAT = "dwarf-with-dsym";
				ENABLE_BITCODE = NO;
				FRAMEWORK_SEARCH_PATHS = (
					"$(inherited)",
					"$(PROJECT_DIR)",
				);
				GCC_INCREASE_PRECOMPILED_HEADER_SHARING = YES;
				GCC_PRECOMPILE_PREFIX_HEADER = YES;
				GCC_PREFIX_HEADER = "$(PROJECT_DIR)/SHBasePro/PrefixHeader.pch";
				HEADER_SEARCH_PATHS = (
					"$(inherited)",
					"\"${PODS_ROOT}/Headers/Public\"",
					"\"${PODS_ROOT}/Headers/Public/AFNetworking\"",
					"\"${PODS_ROOT}/Headers/Public/MBProgressHUD\"",
					/usr/include/libxml2,
					"$(PROJECT_DIR)/**",
				);
				INFOPLIST_FILE = SHBasePro/Info.plist;
				IPHONEOS_DEPLOYMENT_TARGET = 7.0;
				LD_RUNPATH_SEARCH_PATHS = "$(inherited) @executable_path/Frameworks";
				LIBRARY_SEARCH_PATHS = (
					"$(inherited)",
					"$(PROJECT_DIR)/SHBasePro",
					"$(PROJECT_DIR)/SHBasePro/Lib/QRCode/ZBarSDK",
				);
				OTHER_LDFLAGS = (
					"$(inherited)",
					"-ObjC",
					"-l\"AFNetworking\"",
					"-l\"MBProgressHUD\"",
					"-framework",
					"\"CoreGraphics\"",
					"-framework",
					"\"MobileCoreServices\"",
					"-framework",
					"\"Security\"",
					"-framework",
					"\"SystemConfiguration\"",
					"-ObjC",
					"-lz",
					"-framework",
					Reveal,
				);
				PRODUCT_BUNDLE_IDENTIFIER = com.haofangtong.didihaofang;
				PRODUCT_NAME = "有意思";
				PROVISIONING_PROFILE = "8d71eea1-d70f-4a54-9554-d8d58c805830";
			};
			name = Release;
		};
/* End XCBuildConfiguration section */

/* Begin XCConfigurationList section */
		EB8AE3F21CD36CF200B0DD29 /* Build configuration list for PBXProject "SHBasePro" */ = {
			isa = XCConfigurationList;
			buildConfigurations = (
				EB8AE40C1CD36CF200B0DD29 /* Debug */,
				EB8AE40D1CD36CF200B0DD29 /* Release */,
			);
			defaultConfigurationIsVisible = 0;
			defaultConfigurationName = Release;
		};
		EB8AE40E1CD36CF200B0DD29 /* Build configuration list for PBXNativeTarget "SHBasePro" */ = {
			isa = XCConfigurationList;
			buildConfigurations = (
				EB8AE40F1CD36CF200B0DD29 /* Debug */,
				EB8AE4101CD36CF200B0DD29 /* Release */,
			);
			defaultConfigurationIsVisible = 0;
			defaultConfigurationName = Release;
		};
/* End XCConfigurationList section */
	};
	rootObject = EB8AE3EF1CD36CF200B0DD29 /* Project object */;
}
